// !$*UTF8*$!
{
	archiveVersion = 1;
	classes = {
	};
	objectVersion = 46;
	objects = {

/* Begin PBXBuildFile section */
		2F0FA1D61CD81A260055A9B3 /* gameplay.plist in Resources */ = {isa = PBXBuildFile; fileRef = 2F0FA1D41CD81A260055A9B3 /* gameplay.plist */; };
		2F0FA1D71CD81A260055A9B3 /* gameplay.png in Resources */ = {isa = PBXBuildFile; fileRef = 2F0FA1D51CD81A260055A9B3 /* gameplay.png */; };
		2F0FA1DF1CD81BEA0055A9B3 /* ShatteredSprite.m in Sources */ = {isa = PBXBuildFile; fileRef = 2F0FA1DC1CD81BEA0055A9B3 /* ShatteredSprite.m */; };
		2F0FA1E01CD81BEA0055A9B3 /* XZButton.m in Sources */ = {isa = PBXBuildFile; fileRef = 2F0FA1DE1CD81BEA0055A9B3 /* XZButton.m */; };
		2F0FA1E21CD81C2F0055A9B3 /* bg.png in Resources */ = {isa = PBXBuildFile; fileRef = 2F0FA1E11CD81C2F0055A9B3 /* bg.png */; };
		2F0FA1E51CD81D080055A9B3 /* ProfileSettings.mm in Sources */ = {isa = PBXBuildFile; fileRef = 2F0FA1E41CD81D080055A9B3 /* ProfileSettings.mm */; };
		2F0FA1E81CD822950055A9B3 /* XZWindow.mm in Sources */ = {isa = PBXBuildFile; fileRef = 2F0FA1E71CD822950055A9B3 /* XZWindow.mm */; };
		2F0FA1E91CD8287E0055A9B3 /* libcocos2d.a in Frameworks */ = {isa = PBXBuildFile; fileRef = 2F0FA1CE1CD812D90055A9B3 /* libcocos2d.a */; };
		2F0FA1EE1CD82B4B0055A9B3 /* digitalFont_0.png in Resources */ = {isa = PBXBuildFile; fileRef = 2F0FA1EA1CD82B4B0055A9B3 /* digitalFont_0.png */; };
		2F0FA1EF1CD82B4B0055A9B3 /* digitalFont.fnt in Resources */ = {isa = PBXBuildFile; fileRef = 2F0FA1EB1CD82B4B0055A9B3 /* digitalFont.fnt */; };
		2F0FA1F01CD82B4B0055A9B3 /* digitalFontLarge_0.png in Resources */ = {isa = PBXBuildFile; fileRef = 2F0FA1EC1CD82B4B0055A9B3 /* digitalFontLarge_0.png */; };
		2F0FA1F11CD82B4B0055A9B3 /* digitalFontLarge.fnt in Resources */ = {isa = PBXBuildFile; fileRef = 2F0FA1ED1CD82B4B0055A9B3 /* digitalFontLarge.fnt */; };
		2F0FA1F31CD82C420055A9B3 /* GameplayKit.framework in Frameworks */ = {isa = PBXBuildFile; fileRef = 2F0FA1F21CD82C420055A9B3 /* GameplayKit.framework */; };
		2F0FA1F71CD9545C0055A9B3 /* MoveComponent.mm in Sources */ = {isa = PBXBuildFile; fileRef = 2F0FA1F61CD9545A0055A9B3 /* MoveComponent.mm */; };
		2F0FA1FD1CD9EEA50055A9B3 /* RenderComponent.mm in Sources */ = {isa = PBXBuildFile; fileRef = 2F0FA1FC1CD9EEA50055A9B3 /* RenderComponent.mm */; };
		2F1E80371B256D1600581114 /* sfx_rolling2.wav in Resources */ = {isa = PBXBuildFile; fileRef = 2F1E80361B256D1600581114 /* sfx_rolling2.wav */; };
		2F1E80391B2571EF00581114 /* track1.m4a in Resources */ = {isa = PBXBuildFile; fileRef = 2F1E80381B2571EF00581114 /* track1.m4a */; };
		2F1E804A1B29205500581114 /* particleHP.png in Resources */ = {isa = PBXBuildFile; fileRef = 2F1E80491B29205500581114 /* particleHP.png */; };
		2F22E9221A21510A001DD9DC /* XZSound.mm in Sources */ = {isa = PBXBuildFile; fileRef = 2F22E9211A21510A001DD9DC /* XZSound.mm */; };
		2F278D761A0C0A7B00865A9B /* hud.plist in Resources */ = {isa = PBXBuildFile; fileRef = 2F278D721A0C0A7B00865A9B /* hud.plist */; };
		2F278D771A0C0A7B00865A9B /* hud.png in Resources */ = {isa = PBXBuildFile; fileRef = 2F278D731A0C0A7B00865A9B /* hud.png */; };
		2F430FF51B33A3E4009988A9 /* EventKit.framework in Frameworks */ = {isa = PBXBuildFile; fileRef = 2F430FF41B33A3E4009988A9 /* EventKit.framework */; };
		2F430FF71B33A409009988A9 /* MessageUI.framework in Frameworks */ = {isa = PBXBuildFile; fileRef = 2F430FF61B33A409009988A9 /* MessageUI.framework */; settings = {ATTRIBUTES = (Weak, ); }; };
		2F430FF91B33A429009988A9 /* EventKitUI.framework in Frameworks */ = {isa = PBXBuildFile; fileRef = 2F430FF81B33A429009988A9 /* EventKitUI.framework */; };
		2F451E391B0BE0D400E936EC /* centerAlone.png in Resources */ = {isa = PBXBuildFile; fileRef = 2F451E381B0BE0D400E936EC /* centerAlone.png */; };
		2F485D721AC53898007B5B74 /* hallo_ring.png in Resources */ = {isa = PBXBuildFile; fileRef = 2F485D711AC53898007B5B74 /* hallo_ring.png */; };
		2F678A151AB8FB3D00BC89C0 /* XZParticleSystem.mm in Sources */ = {isa = PBXBuildFile; fileRef = 2F678A141AB8FB3D00BC89C0 /* XZParticleSystem.mm */; };
		2FBA1D4C1B19231C004ED5A3 /* sfx_asteroid_destroy.wav in Resources */ = {isa = PBXBuildFile; fileRef = 2FBA1D3F1B19231C004ED5A3 /* sfx_asteroid_destroy.wav */; };
		2FBA1D4D1B19231C004ED5A3 /* sfx_asteroid_launch.wav in Resources */ = {isa = PBXBuildFile; fileRef = 2FBA1D401B19231C004ED5A3 /* sfx_asteroid_launch.wav */; };
		2FBA1D4E1B19231C004ED5A3 /* sfx_bounce.wav in Resources */ = {isa = PBXBuildFile; fileRef = 2FBA1D411B19231C004ED5A3 /* sfx_bounce.wav */; };
		2FBA1D4F1B19231C004ED5A3 /* sfx_earth_damaged.wav in Resources */ = {isa = PBXBuildFile; fileRef = 2FBA1D421B19231C004ED5A3 /* sfx_earth_damaged.wav */; };
		2FBA1D511B19231C004ED5A3 /* sfx_game_over.wav in Resources */ = {isa = PBXBuildFile; fileRef = 2FBA1D441B19231C004ED5A3 /* sfx_game_over.wav */; };
		2FBA1D521B19231C004ED5A3 /* sfx_high_score.wav in Resources */ = {isa = PBXBuildFile; fileRef = 2FBA1D451B19231C004ED5A3 /* sfx_high_score.wav */; };
		2FBA1D531B19231C004ED5A3 /* sfx_menu_accept.wav in Resources */ = {isa = PBXBuildFile; fileRef = 2FBA1D461B19231C004ED5A3 /* sfx_menu_accept.wav */; };
		2FBA1D541B19231C004ED5A3 /* sfx_menu_cancel.wav in Resources */ = {isa = PBXBuildFile; fileRef = 2FBA1D471B19231C004ED5A3 /* sfx_menu_cancel.wav */; };
		2FBA1D551B19231C004ED5A3 /* sfx_powerup.wav in Resources */ = {isa = PBXBuildFile; fileRef = 2FBA1D481B19231C004ED5A3 /* sfx_powerup.wav */; };
		2FBA1D561B19231C004ED5A3 /* sfx_rolling.wav in Resources */ = {isa = PBXBuildFile; fileRef = 2FBA1D491B19231C004ED5A3 /* sfx_rolling.wav */; };
		2FBA1D571B19231C004ED5A3 /* sfx_unlock.wav in Resources */ = {isa = PBXBuildFile; fileRef = 2FBA1D4A1B19231C004ED5A3 /* sfx_unlock.wav */; };
		2FBA1D581B19231C004ED5A3 /* sfx_win_roar.wav in Resources */ = {isa = PBXBuildFile; fileRef = 2FBA1D4B1B19231C004ED5A3 /* sfx_win_roar.wav */; };
		2FBA1D661B1CDBF0004ED5A3 /* libxml2.dylib in Frameworks */ = {isa = PBXBuildFile; fileRef = 2FBA1D641B1CD71F004ED5A3 /* libxml2.dylib */; };
		2FBA1D771B1DB24D004ED5A3 /* AdSupport.framework in Frameworks */ = {isa = PBXBuildFile; fileRef = 2FBA1D761B1DB24D004ED5A3 /* AdSupport.framework */; settings = {ATTRIBUTES = (Weak, ); }; };
		2FBA1D791B1DB254004ED5A3 /* StoreKit.framework in Frameworks */ = {isa = PBXBuildFile; fileRef = 2FBA1D781B1DB254004ED5A3 /* StoreKit.framework */; settings = {ATTRIBUTES = (Weak, ); }; };
		2FBA1D7B1B1DBE1C004ED5A3 /* CoreMedia.framework in Frameworks */ = {isa = PBXBuildFile; fileRef = 2FBA1D7A1B1DBE1C004ED5A3 /* CoreMedia.framework */; };
		2FBA1D7D1B1DBE35004ED5A3 /* CoreTelephony.framework in Frameworks */ = {isa = PBXBuildFile; fileRef = 2FBA1D7C1B1DBE35004ED5A3 /* CoreTelephony.framework */; };
		2FBA1D821B1E6F6F004ED5A3 /* main_menu.m4a in Resources */ = {isa = PBXBuildFile; fileRef = 2FBA1D811B1E6F6F004ED5A3 /* main_menu.m4a */; };
		2FBA1D871B1E79B1004ED5A3 /* GameKit.framework in Frameworks */ = {isa = PBXBuildFile; fileRef = 2FBA1D861B1E79B1004ED5A3 /* GameKit.framework */; settings = {ATTRIBUTES = (Weak, ); }; };
		2FBA1D9D1B20FDD1004ED5A3 /* SystemConfiguration.framework in Frameworks */ = {isa = PBXBuildFile; fileRef = 2FBA1D9C1B20FDD1004ED5A3 /* SystemConfiguration.framework */; };
		2FBA1D9F1B20FDE4004ED5A3 /* libsqlite3.dylib in Frameworks */ = {isa = PBXBuildFile; fileRef = 2FBA1D9E1B20FDE4004ED5A3 /* libsqlite3.dylib */; };
		2FC5634D19F57BCE00651FE9 /* AppDelegate.m in Sources */ = {isa = PBXBuildFile; fileRef = 2FC5634C19F57BCE00651FE9 /* AppDelegate.m */; };
		2FC5635419F57D5A00651FE9 /* MainMenuLayer.mm in Sources */ = {isa = PBXBuildFile; fileRef = 2FC5635119F57D5A00651FE9 /* MainMenuLayer.mm */; };
		2FC5635519F57D5A00651FE9 /* SceneMainMenu.mm in Sources */ = {isa = PBXBuildFile; fileRef = 2FC5635319F57D5A00651FE9 /* SceneMainMenu.mm */; };
		2FC5637519F580CA00651FE9 /* GlobalSettings.mm in Sources */ = {isa = PBXBuildFile; fileRef = 2FC5637419F580CA00651FE9 /* GlobalSettings.mm */; };
		2FCE04D41A1F27A500C6E4BB /* window.plist in Resources */ = {isa = PBXBuildFile; fileRef = 2FCE04D21A1F27A500C6E4BB /* window.plist */; };
		2FCE04D51A1F27A500C6E4BB /* window.png in Resources */ = {isa = PBXBuildFile; fileRef = 2FCE04D31A1F27A500C6E4BB /* window.png */; };
		2FD616C31B4B8F380092985B /* Social.framework in Frameworks */ = {isa = PBXBuildFile; fileRef = 2FD616C21B4B8F380092985B /* Social.framework */; };
		2FE038B01AD3EEBF00521DB7 /* PauseMenu.mm in Sources */ = {isa = PBXBuildFile; fileRef = 2FE038AF1AD3EEBF00521DB7 /* PauseMenu.mm */; };
		2FE6A88D1D1E428F00A254ED /* Images.xcassets in Resources */ = {isa = PBXBuildFile; fileRef = 2FE6A88C1D1E428F00A254ED /* Images.xcassets */; };
		2FE6A8BD1D1F2F8000A254ED /* Tools3.m in Sources */ = {isa = PBXBuildFile; fileRef = 2FE6A8BC1D1F2F8000A254ED /* Tools3.m */; };
		2FE8179619F6C0C600FFB281 /* Hero.mm in Sources */ = {isa = PBXBuildFile; fileRef = 2FE8179319F6C0C600FFB281 /* Hero.mm */; };
		2FE8179719F6C0C600FFB281 /* GameObject.mm in Sources */ = {isa = PBXBuildFile; fileRef = 2FE8179519F6C0C600FFB281 /* GameObject.mm */; };
		2FE8179A19F6C29600FFB281 /* Cat.mm in Sources */ = {isa = PBXBuildFile; fileRef = 2FE8179919F6C29600FFB281 /* Cat.mm */; };
		2FE8179D19F6C32200FFB281 /* Sky.mm in Sources */ = {isa = PBXBuildFile; fileRef = 2FE8179C19F6C32200FFB281 /* Sky.mm */; };
		2FE817AD19F6C73F00FFB281 /* HudLayer.mm in Sources */ = {isa = PBXBuildFile; fileRef = 2FE817AC19F6C73F00FFB281 /* HudLayer.mm */; };
		2FE817B619F6CC3300FFB281 /* SceneGame.mm in Sources */ = {isa = PBXBuildFile; fileRef = 2FE817B519F6CC3300FFB281 /* SceneGame.mm */; };
		2FE817B919F6CC3C00FFB281 /* GameLayer.mm in Sources */ = {isa = PBXBuildFile; fileRef = 2FE817B819F6CC3C00FFB281 /* GameLayer.mm */; };
		2FE817BC19F6CFDC00FFB281 /* StatsManager.mm in Sources */ = {isa = PBXBuildFile; fileRef = 2FE817BB19F6CFDC00FFB281 /* StatsManager.mm */; };
		2FEF54AF1B54502000418060 /* Localizable.strings in Resources */ = {isa = PBXBuildFile; fileRef = 2FEF54AA1B54502000418060 /* Localizable.strings */; };
		2FEF54B01B54502000418060 /* Localizable.strings in Resources */ = {isa = PBXBuildFile; fileRef = 2FEF54AD1B54502000418060 /* Localizable.strings */; };
		5B12100C19748281004C1E1D /* BridgeKitV3.framework in Frameworks */ = {isa = PBXBuildFile; fileRef = 5B12100B19748281004C1E1D /* BridgeKitV3.framework */; };
		5B121029197484DA004C1E1D /* BridgeKitV3.framework in Frameworks */ = {isa = PBXBuildFile; fileRef = 5B12100B19748281004C1E1D /* BridgeKitV3.framework */; };
		73A2C15A1B3650510055A767 /* sliders.png in Resources */ = {isa = PBXBuildFile; fileRef = 73A2C1591B3650510055A767 /* sliders.png */; };
		73A2C15B1B3650510055A767 /* sliders.png in Resources */ = {isa = PBXBuildFile; fileRef = 73A2C1591B3650510055A767 /* sliders.png */; };
		73A2C1601B3657EF0055A767 /* mainmenu_XZLogobtn.png in Resources */ = {isa = PBXBuildFile; fileRef = 73A2C15F1B3657EF0055A767 /* mainmenu_XZLogobtn.png */; };
		73A2C1611B3657EF0055A767 /* mainmenu_XZLogobtn.png in Resources */ = {isa = PBXBuildFile; fileRef = 73A2C15F1B3657EF0055A767 /* mainmenu_XZLogobtn.png */; };
		73A99B2A1ABE30AA0050CF37 /* particleAloneSmoke.png in Resources */ = {isa = PBXBuildFile; fileRef = 73A99B291ABE30A90050CF37 /* particleAloneSmoke.png */; };
		73A99B2B1ABE30AA0050CF37 /* particleAloneSmoke.png in Resources */ = {isa = PBXBuildFile; fileRef = 73A99B291ABE30A90050CF37 /* particleAloneSmoke.png */; };
		73B8B15C1AB93769007FF40F /* particleAlone.png in Resources */ = {isa = PBXBuildFile; fileRef = 73B8B15B1AB93769007FF40F /* particleAlone.png */; };
		73B8B15D1AB93769007FF40F /* particleAlone.png in Resources */ = {isa = PBXBuildFile; fileRef = 73B8B15B1AB93769007FF40F /* particleAlone.png */; };
		73C15C711B22909600462D45 /* centerAloneB.png in Resources */ = {isa = PBXBuildFile; fileRef = 73C15C701B22909600462D45 /* centerAloneB.png */; };
		73C15C721B22909600462D45 /* centerAloneB.png in Resources */ = {isa = PBXBuildFile; fileRef = 73C15C701B22909600462D45 /* centerAloneB.png */; };
		73D7668B1A202E3900BDD6D5 /* libz.dylib in Frameworks */ = {isa = PBXBuildFile; fileRef = 73D7668A1A202E3800BDD6D5 /* libz.dylib */; };
		8392007A18EE8E3300B6C429 /* GLKit.framework in Frameworks */ = {isa = PBXBuildFile; fileRef = 8392007918EE8E3300B6C429 /* GLKit.framework */; };
		927F61A5196C771E000F43EF /* OpenAL.framework in Frameworks */ = {isa = PBXBuildFile; fileRef = B77F1B3517B978D7009739AE /* OpenAL.framework */; };
		927F61A9196C771E000F43EF /* Foundation.framework in Frameworks */ = {isa = PBXBuildFile; fileRef = B77F1B3D17B978D7009739AE /* Foundation.framework */; };
		927F61AA196C771E000F43EF /* CoreGraphics.framework in Frameworks */ = {isa = PBXBuildFile; fileRef = B77F1B3F17B978D7009739AE /* CoreGraphics.framework */; };
		927F61AB196C771E000F43EF /* CoreText.framework in Frameworks */ = {isa = PBXBuildFile; fileRef = B77F1B4117B978D7009739AE /* CoreText.framework */; };
		B73789871807631A0076A88C /* main.m in Sources */ = {isa = PBXBuildFile; fileRef = B73789851807631A0076A88C /* main.m */; };
		B77F1B3217B978D7009739AE /* QuartzCore.framework in Frameworks */ = {isa = PBXBuildFile; fileRef = B77F1B3117B978D7009739AE /* QuartzCore.framework */; };
		B77F1B3417B978D7009739AE /* OpenGLES.framework in Frameworks */ = {isa = PBXBuildFile; fileRef = B77F1B3317B978D7009739AE /* OpenGLES.framework */; settings = {ATTRIBUTES = (Required, ); }; };
		B77F1B3617B978D7009739AE /* OpenAL.framework in Frameworks */ = {isa = PBXBuildFile; fileRef = B77F1B3517B978D7009739AE /* OpenAL.framework */; };
		B77F1B3817B978D7009739AE /* AudioToolbox.framework in Frameworks */ = {isa = PBXBuildFile; fileRef = B77F1B3717B978D7009739AE /* AudioToolbox.framework */; };
		B77F1B3A17B978D7009739AE /* AVFoundation.framework in Frameworks */ = {isa = PBXBuildFile; fileRef = B77F1B3917B978D7009739AE /* AVFoundation.framework */; };
		B77F1B3C17B978D7009739AE /* UIKit.framework in Frameworks */ = {isa = PBXBuildFile; fileRef = B77F1B3B17B978D7009739AE /* UIKit.framework */; settings = {ATTRIBUTES = (Weak, ); }; };
		B77F1B3E17B978D7009739AE /* Foundation.framework in Frameworks */ = {isa = PBXBuildFile; fileRef = B77F1B3D17B978D7009739AE /* Foundation.framework */; settings = {ATTRIBUTES = (Weak, ); }; };
		B77F1B4017B978D7009739AE /* CoreGraphics.framework in Frameworks */ = {isa = PBXBuildFile; fileRef = B77F1B3F17B978D7009739AE /* CoreGraphics.framework */; };
		B77F1B4217B978D7009739AE /* CoreText.framework in Frameworks */ = {isa = PBXBuildFile; fileRef = B77F1B4117B978D7009739AE /* CoreText.framework */; };
/* End PBXBuildFile section */

/* Begin PBXContainerItemProxy section */
		2F0FA1CD1CD812D90055A9B3 /* PBXContainerItemProxy */ = {
			isa = PBXContainerItemProxy;
			containerPortal = 2F0FA1C41CD812D80055A9B3 /* cocos2d-ios.xcodeproj */;
			proxyType = 2;
			remoteGlobalIDString = 5018F24D0DFDEAC400C013A5;
			remoteInfo = cocos2d;
		};
		5B121031197485D1004C1E1D /* PBXContainerItemProxy */ = {
			isa = PBXContainerItemProxy;
			containerPortal = B77F1B2617B978D7009739AE /* Project object */;
			proxyType = 1;
			remoteGlobalIDString = 5B121020197484A3004C1E1D;
			remoteInfo = "NewProject Java";
		};
/* End PBXContainerItemProxy section */

/* Begin PBXFileReference section */
		2F0FA1C41CD812D80055A9B3 /* cocos2d-ios.xcodeproj */ = {isa = PBXFileReference; lastKnownFileType = "wrapper.pb-project"; name = "cocos2d-ios.xcodeproj"; path = "Source/libs/cocos2d-iphone/cocos2d-ios.xcodeproj"; sourceTree = "<group>"; };
		2F0FA1D41CD81A260055A9B3 /* gameplay.plist */ = {isa = PBXFileReference; fileEncoding = 4; lastKnownFileType = text.plist.xml; path = gameplay.plist; sourceTree = "<group>"; };
		2F0FA1D51CD81A260055A9B3 /* gameplay.png */ = {isa = PBXFileReference; lastKnownFileType = image.png; path = gameplay.png; sourceTree = "<group>"; };
		2F0FA1DB1CD81BEA0055A9B3 /* ShatteredSprite.h */ = {isa = PBXFileReference; fileEncoding = 4; lastKnownFileType = sourcecode.c.h; path = ShatteredSprite.h; sourceTree = "<group>"; };
		2F0FA1DC1CD81BEA0055A9B3 /* ShatteredSprite.m */ = {isa = PBXFileReference; fileEncoding = 4; lastKnownFileType = sourcecode.c.objc; path = ShatteredSprite.m; sourceTree = "<group>"; };
		2F0FA1DD1CD81BEA0055A9B3 /* XZButton.h */ = {isa = PBXFileReference; fileEncoding = 4; lastKnownFileType = sourcecode.c.h; path = XZButton.h; sourceTree = "<group>"; };
		2F0FA1DE1CD81BEA0055A9B3 /* XZButton.m */ = {isa = PBXFileReference; fileEncoding = 4; lastKnownFileType = sourcecode.c.objc; path = XZButton.m; sourceTree = "<group>"; };
		2F0FA1E11CD81C2F0055A9B3 /* bg.png */ = {isa = PBXFileReference; lastKnownFileType = image.png; name = bg.png; path = sprite/bg.png; sourceTree = "<group>"; };
		2F0FA1E31CD81D080055A9B3 /* ProfileSettings.h */ = {isa = PBXFileReference; fileEncoding = 4; lastKnownFileType = sourcecode.c.h; path = ProfileSettings.h; sourceTree = "<group>"; };
		2F0FA1E41CD81D080055A9B3 /* ProfileSettings.mm */ = {isa = PBXFileReference; fileEncoding = 4; lastKnownFileType = sourcecode.cpp.objcpp; path = ProfileSettings.mm; sourceTree = "<group>"; };
		2F0FA1E61CD822950055A9B3 /* XZWindow.h */ = {isa = PBXFileReference; fileEncoding = 4; lastKnownFileType = sourcecode.c.h; path = XZWindow.h; sourceTree = "<group>"; };
		2F0FA1E71CD822950055A9B3 /* XZWindow.mm */ = {isa = PBXFileReference; fileEncoding = 4; lastKnownFileType = sourcecode.cpp.objcpp; path = XZWindow.mm; sourceTree = "<group>"; };
		2F0FA1EA1CD82B4B0055A9B3 /* digitalFont_0.png */ = {isa = PBXFileReference; lastKnownFileType = image.png; path = digitalFont_0.png; sourceTree = "<group>"; };
		2F0FA1EB1CD82B4B0055A9B3 /* digitalFont.fnt */ = {isa = PBXFileReference; fileEncoding = 4; lastKnownFileType = text; path = digitalFont.fnt; sourceTree = "<group>"; };
		2F0FA1EC1CD82B4B0055A9B3 /* digitalFontLarge_0.png */ = {isa = PBXFileReference; lastKnownFileType = image.png; path = digitalFontLarge_0.png; sourceTree = "<group>"; };
		2F0FA1ED1CD82B4B0055A9B3 /* digitalFontLarge.fnt */ = {isa = PBXFileReference; fileEncoding = 4; lastKnownFileType = text; path = digitalFontLarge.fnt; sourceTree = "<group>"; };
		2F0FA1F21CD82C420055A9B3 /* GameplayKit.framework */ = {isa = PBXFileReference; lastKnownFileType = wrapper.framework; name = GameplayKit.framework; path = System/Library/Frameworks/GameplayKit.framework; sourceTree = SDKROOT; };
		2F0FA1F51CD9545A0055A9B3 /* MoveComponent.h */ = {isa = PBXFileReference; fileEncoding = 4; lastKnownFileType = sourcecode.c.h; name = MoveComponent.h; path = Source/Objects/Components/MoveComponent.h; sourceTree = "<group>"; };
		2F0FA1F61CD9545A0055A9B3 /* MoveComponent.mm */ = {isa = PBXFileReference; fileEncoding = 4; lastKnownFileType = sourcecode.cpp.objcpp; name = MoveComponent.mm; path = Source/Objects/Components/MoveComponent.mm; sourceTree = "<group>"; };
		2F0FA1FB1CD9EEA50055A9B3 /* RenderComponent.h */ = {isa = PBXFileReference; fileEncoding = 4; lastKnownFileType = sourcecode.c.h; name = RenderComponent.h; path = Source/Objects/Components/RenderComponent.h; sourceTree = "<group>"; };
		2F0FA1FC1CD9EEA50055A9B3 /* RenderComponent.mm */ = {isa = PBXFileReference; fileEncoding = 4; lastKnownFileType = sourcecode.cpp.objcpp; name = RenderComponent.mm; path = Source/Objects/Components/RenderComponent.mm; sourceTree = "<group>"; };
		2F1E80361B256D1600581114 /* sfx_rolling2.wav */ = {isa = PBXFileReference; lastKnownFileType = audio.wav; path = sfx_rolling2.wav; sourceTree = "<group>"; };
		2F1E80381B2571EF00581114 /* track1.m4a */ = {isa = PBXFileReference; lastKnownFileType = file; path = track1.m4a; sourceTree = "<group>"; };
		2F1E80491B29205500581114 /* particleHP.png */ = {isa = PBXFileReference; lastKnownFileType = image.png; name = particleHP.png; path = Spritesheets/Background/particleHP.png; sourceTree = SOURCE_ROOT; };
		2F22E9201A21510A001DD9DC /* XZSound.h */ = {isa = PBXFileReference; fileEncoding = 4; lastKnownFileType = sourcecode.c.h; path = XZSound.h; sourceTree = "<group>"; };
		2F22E9211A21510A001DD9DC /* XZSound.mm */ = {isa = PBXFileReference; fileEncoding = 4; lastKnownFileType = sourcecode.cpp.objcpp; path = XZSound.mm; sourceTree = "<group>"; };
		2F278D721A0C0A7B00865A9B /* hud.plist */ = {isa = PBXFileReference; fileEncoding = 4; lastKnownFileType = text.plist.xml; path = hud.plist; sourceTree = "<group>"; };
		2F278D731A0C0A7B00865A9B /* hud.png */ = {isa = PBXFileReference; lastKnownFileType = image.png; path = hud.png; sourceTree = "<group>"; };
		2F430FE71B338F0F009988A9 /* GoogleMobileAds.framework */ = {isa = PBXFileReference; lastKnownFileType = wrapper.framework; name = GoogleMobileAds.framework; path = ../../lib/AdMob/7.3.1/GoogleMobileAds.framework; sourceTree = "<group>"; };
		2F430FF41B33A3E4009988A9 /* EventKit.framework */ = {isa = PBXFileReference; lastKnownFileType = wrapper.framework; name = EventKit.framework; path = System/Library/Frameworks/EventKit.framework; sourceTree = SDKROOT; };
		2F430FF61B33A409009988A9 /* MessageUI.framework */ = {isa = PBXFileReference; lastKnownFileType = wrapper.framework; name = MessageUI.framework; path = System/Library/Frameworks/MessageUI.framework; sourceTree = SDKROOT; };
		2F430FF81B33A429009988A9 /* EventKitUI.framework */ = {isa = PBXFileReference; lastKnownFileType = wrapper.framework; name = EventKitUI.framework; path = System/Library/Frameworks/EventKitUI.framework; sourceTree = SDKROOT; };
		2F451E381B0BE0D400E936EC /* centerAlone.png */ = {isa = PBXFileReference; lastKnownFileType = image.png; path = centerAlone.png; sourceTree = "<group>"; };
		2F485D711AC53898007B5B74 /* hallo_ring.png */ = {isa = PBXFileReference; lastKnownFileType = image.png; name = hallo_ring.png; path = Spritesheets/Background/hallo_ring.png; sourceTree = SOURCE_ROOT; };
		2F678A131AB8FB3D00BC89C0 /* XZParticleSystem.h */ = {isa = PBXFileReference; fileEncoding = 4; lastKnownFileType = sourcecode.c.h; path = XZParticleSystem.h; sourceTree = "<group>"; };
		2F678A141AB8FB3D00BC89C0 /* XZParticleSystem.mm */ = {isa = PBXFileReference; fileEncoding = 4; lastKnownFileType = sourcecode.cpp.objcpp; path = XZParticleSystem.mm; sourceTree = "<group>"; };
		2FBA1D3F1B19231C004ED5A3 /* sfx_asteroid_destroy.wav */ = {isa = PBXFileReference; lastKnownFileType = audio.wav; path = sfx_asteroid_destroy.wav; sourceTree = "<group>"; };
		2FBA1D401B19231C004ED5A3 /* sfx_asteroid_launch.wav */ = {isa = PBXFileReference; lastKnownFileType = audio.wav; path = sfx_asteroid_launch.wav; sourceTree = "<group>"; };
		2FBA1D411B19231C004ED5A3 /* sfx_bounce.wav */ = {isa = PBXFileReference; lastKnownFileType = audio.wav; path = sfx_bounce.wav; sourceTree = "<group>"; };
		2FBA1D421B19231C004ED5A3 /* sfx_earth_damaged.wav */ = {isa = PBXFileReference; lastKnownFileType = audio.wav; path = sfx_earth_damaged.wav; sourceTree = "<group>"; };
		2FBA1D441B19231C004ED5A3 /* sfx_game_over.wav */ = {isa = PBXFileReference; lastKnownFileType = audio.wav; path = sfx_game_over.wav; sourceTree = "<group>"; };
		2FBA1D451B19231C004ED5A3 /* sfx_high_score.wav */ = {isa = PBXFileReference; lastKnownFileType = audio.wav; path = sfx_high_score.wav; sourceTree = "<group>"; };
		2FBA1D461B19231C004ED5A3 /* sfx_menu_accept.wav */ = {isa = PBXFileReference; lastKnownFileType = audio.wav; path = sfx_menu_accept.wav; sourceTree = "<group>"; };
		2FBA1D471B19231C004ED5A3 /* sfx_menu_cancel.wav */ = {isa = PBXFileReference; lastKnownFileType = audio.wav; path = sfx_menu_cancel.wav; sourceTree = "<group>"; };
		2FBA1D481B19231C004ED5A3 /* sfx_powerup.wav */ = {isa = PBXFileReference; lastKnownFileType = audio.wav; path = sfx_powerup.wav; sourceTree = "<group>"; };
		2FBA1D491B19231C004ED5A3 /* sfx_rolling.wav */ = {isa = PBXFileReference; lastKnownFileType = audio.wav; path = sfx_rolling.wav; sourceTree = "<group>"; };
		2FBA1D4A1B19231C004ED5A3 /* sfx_unlock.wav */ = {isa = PBXFileReference; lastKnownFileType = audio.wav; path = sfx_unlock.wav; sourceTree = "<group>"; };
		2FBA1D4B1B19231C004ED5A3 /* sfx_win_roar.wav */ = {isa = PBXFileReference; lastKnownFileType = audio.wav; path = sfx_win_roar.wav; sourceTree = "<group>"; };
		2FBA1D641B1CD71F004ED5A3 /* libxml2.dylib */ = {isa = PBXFileReference; lastKnownFileType = "compiled.mach-o.dylib"; name = libxml2.dylib; path = usr/lib/libxml2.dylib; sourceTree = SDKROOT; };
		2FBA1D671B1CE092004ED5A3 /* libicucore.dylib */ = {isa = PBXFileReference; lastKnownFileType = "compiled.mach-o.dylib"; name = libicucore.dylib; path = usr/lib/libicucore.dylib; sourceTree = SDKROOT; };
		2FBA1D6F1B1CF729004ED5A3 /* iAd.framework */ = {isa = PBXFileReference; lastKnownFileType = wrapper.framework; name = iAd.framework; path = System/Library/Frameworks/iAd.framework; sourceTree = SDKROOT; };
		2FBA1D761B1DB24D004ED5A3 /* AdSupport.framework */ = {isa = PBXFileReference; lastKnownFileType = wrapper.framework; name = AdSupport.framework; path = System/Library/Frameworks/AdSupport.framework; sourceTree = SDKROOT; };
		2FBA1D781B1DB254004ED5A3 /* StoreKit.framework */ = {isa = PBXFileReference; lastKnownFileType = wrapper.framework; name = StoreKit.framework; path = System/Library/Frameworks/StoreKit.framework; sourceTree = SDKROOT; };
		2FBA1D7A1B1DBE1C004ED5A3 /* CoreMedia.framework */ = {isa = PBXFileReference; lastKnownFileType = wrapper.framework; name = CoreMedia.framework; path = System/Library/Frameworks/CoreMedia.framework; sourceTree = SDKROOT; };
		2FBA1D7C1B1DBE35004ED5A3 /* CoreTelephony.framework */ = {isa = PBXFileReference; lastKnownFileType = wrapper.framework; name = CoreTelephony.framework; path = System/Library/Frameworks/CoreTelephony.framework; sourceTree = SDKROOT; };
		2FBA1D811B1E6F6F004ED5A3 /* main_menu.m4a */ = {isa = PBXFileReference; lastKnownFileType = file; path = main_menu.m4a; sourceTree = "<group>"; };
		2FBA1D861B1E79B1004ED5A3 /* GameKit.framework */ = {isa = PBXFileReference; lastKnownFileType = wrapper.framework; name = GameKit.framework; path = System/Library/Frameworks/GameKit.framework; sourceTree = SDKROOT; };
		2FBA1D911B1E836E004ED5A3 /* Reachability.h */ = {isa = PBXFileReference; fileEncoding = 4; lastKnownFileType = sourcecode.c.h; path = Reachability.h; sourceTree = "<group>"; };
		2FBA1D921B1E836E004ED5A3 /* Reachability.m */ = {isa = PBXFileReference; fileEncoding = 4; lastKnownFileType = sourcecode.c.objc; path = Reachability.m; sourceTree = "<group>"; };
		2FBA1D9C1B20FDD1004ED5A3 /* SystemConfiguration.framework */ = {isa = PBXFileReference; lastKnownFileType = wrapper.framework; name = SystemConfiguration.framework; path = System/Library/Frameworks/SystemConfiguration.framework; sourceTree = SDKROOT; };
		2FBA1D9E1B20FDE4004ED5A3 /* libsqlite3.dylib */ = {isa = PBXFileReference; lastKnownFileType = "compiled.mach-o.dylib"; name = libsqlite3.dylib; path = usr/lib/libsqlite3.dylib; sourceTree = SDKROOT; };
		2FC5634B19F57BCE00651FE9 /* AppDelegate.h */ = {isa = PBXFileReference; fileEncoding = 4; lastKnownFileType = sourcecode.c.h; path = AppDelegate.h; sourceTree = "<group>"; };
		2FC5634C19F57BCE00651FE9 /* AppDelegate.m */ = {isa = PBXFileReference; fileEncoding = 4; lastKnownFileType = sourcecode.c.objc; path = AppDelegate.m; sourceTree = "<group>"; };
		2FC5635019F57D5A00651FE9 /* MainMenuLayer.h */ = {isa = PBXFileReference; fileEncoding = 4; lastKnownFileType = sourcecode.c.h; path = MainMenuLayer.h; sourceTree = "<group>"; };
		2FC5635119F57D5A00651FE9 /* MainMenuLayer.mm */ = {isa = PBXFileReference; fileEncoding = 4; lastKnownFileType = sourcecode.cpp.objcpp; path = MainMenuLayer.mm; sourceTree = "<group>"; };
		2FC5635219F57D5A00651FE9 /* SceneMainMenu.h */ = {isa = PBXFileReference; fileEncoding = 4; lastKnownFileType = sourcecode.c.h; path = SceneMainMenu.h; sourceTree = "<group>"; };
		2FC5635319F57D5A00651FE9 /* SceneMainMenu.mm */ = {isa = PBXFileReference; fileEncoding = 4; lastKnownFileType = sourcecode.cpp.objcpp; path = SceneMainMenu.mm; sourceTree = "<group>"; };
		2FC5636619F57DF200651FE9 /* types.h */ = {isa = PBXFileReference; lastKnownFileType = sourcecode.c.h; path = types.h; sourceTree = "<group>"; };
		2FC5637319F580CA00651FE9 /* GlobalSettings.h */ = {isa = PBXFileReference; fileEncoding = 4; lastKnownFileType = sourcecode.c.h; path = GlobalSettings.h; sourceTree = "<group>"; };
		2FC5637419F580CA00651FE9 /* GlobalSettings.mm */ = {isa = PBXFileReference; fileEncoding = 4; lastKnownFileType = sourcecode.cpp.objcpp; path = GlobalSettings.mm; sourceTree = "<group>"; };
		2FCE04D21A1F27A500C6E4BB /* window.plist */ = {isa = PBXFileReference; fileEncoding = 4; lastKnownFileType = text.plist.xml; path = window.plist; sourceTree = "<group>"; };
		2FCE04D31A1F27A500C6E4BB /* window.png */ = {isa = PBXFileReference; lastKnownFileType = image.png; path = window.png; sourceTree = "<group>"; };
		2FD616C21B4B8F380092985B /* Social.framework */ = {isa = PBXFileReference; lastKnownFileType = wrapper.framework; name = Social.framework; path = System/Library/Frameworks/Social.framework; sourceTree = SDKROOT; };
		2FDF380D1C6D29940032904A /* libcrypto.a */ = {isa = PBXFileReference; lastKnownFileType = archive.ar; name = libcrypto.a; path = "../../lib/ios-openssl/lib/libcrypto.a"; sourceTree = "<group>"; };
		2FDF380E1C6D29940032904A /* libssl.a */ = {isa = PBXFileReference; lastKnownFileType = archive.ar; name = libssl.a; path = "../../lib/ios-openssl/lib/libssl.a"; sourceTree = "<group>"; };
		2FE038AE1AD3EEBF00521DB7 /* PauseMenu.h */ = {isa = PBXFileReference; fileEncoding = 4; lastKnownFileType = sourcecode.c.h; path = PauseMenu.h; sourceTree = "<group>"; };
		2FE038AF1AD3EEBF00521DB7 /* PauseMenu.mm */ = {isa = PBXFileReference; fileEncoding = 4; lastKnownFileType = sourcecode.cpp.objcpp; path = PauseMenu.mm; sourceTree = "<group>"; };
		2FE6A88C1D1E428F00A254ED /* Images.xcassets */ = {isa = PBXFileReference; lastKnownFileType = folder.assetcatalog; name = Images.xcassets; path = "NewProject iOS/Images.xcassets"; sourceTree = SOURCE_ROOT; };
		2FE6A8BB1D1F2F8000A254ED /* Tools3.h */ = {isa = PBXFileReference; fileEncoding = 4; lastKnownFileType = sourcecode.c.h; name = Tools3.h; path = Source/libs/XZTools/Tools3.h; sourceTree = SOURCE_ROOT; };
		2FE6A8BC1D1F2F8000A254ED /* Tools3.m */ = {isa = PBXFileReference; fileEncoding = 4; lastKnownFileType = sourcecode.c.objc; name = Tools3.m; path = Source/libs/XZTools/Tools3.m; sourceTree = SOURCE_ROOT; };
		2FE8179219F6C0C600FFB281 /* Hero.h */ = {isa = PBXFileReference; fileEncoding = 4; lastKnownFileType = sourcecode.c.h; name = Hero.h; path = Source/Objects/GameObjects/Hero.h; sourceTree = "<group>"; };
		2FE8179319F6C0C600FFB281 /* Hero.mm */ = {isa = PBXFileReference; fileEncoding = 4; lastKnownFileType = sourcecode.cpp.objcpp; name = Hero.mm; path = Source/Objects/GameObjects/Hero.mm; sourceTree = "<group>"; };
		2FE8179419F6C0C600FFB281 /* GameObject.h */ = {isa = PBXFileReference; fileEncoding = 4; lastKnownFileType = sourcecode.c.h; name = GameObject.h; path = Source/Objects/GameObjects/GameObject.h; sourceTree = "<group>"; };
		2FE8179519F6C0C600FFB281 /* GameObject.mm */ = {isa = PBXFileReference; fileEncoding = 4; lastKnownFileType = sourcecode.cpp.objcpp; name = GameObject.mm; path = Source/Objects/GameObjects/GameObject.mm; sourceTree = "<group>"; };
		2FE8179819F6C29500FFB281 /* Cat.h */ = {isa = PBXFileReference; fileEncoding = 4; lastKnownFileType = sourcecode.c.h; name = Cat.h; path = Source/Objects/GameObjects/Cat.h; sourceTree = "<group>"; };
		2FE8179919F6C29600FFB281 /* Cat.mm */ = {isa = PBXFileReference; fileEncoding = 4; lastKnownFileType = sourcecode.cpp.objcpp; name = Cat.mm; path = Source/Objects/GameObjects/Cat.mm; sourceTree = "<group>"; };
		2FE8179B19F6C32200FFB281 /* Sky.h */ = {isa = PBXFileReference; fileEncoding = 4; lastKnownFileType = sourcecode.c.h; name = Sky.h; path = Source/Objects/Sky.h; sourceTree = "<group>"; };
		2FE8179C19F6C32200FFB281 /* Sky.mm */ = {isa = PBXFileReference; fileEncoding = 4; lastKnownFileType = sourcecode.cpp.objcpp; name = Sky.mm; path = Source/Objects/Sky.mm; sourceTree = "<group>"; };
		2FE817AB19F6C73F00FFB281 /* HudLayer.h */ = {isa = PBXFileReference; fileEncoding = 4; lastKnownFileType = sourcecode.c.h; path = HudLayer.h; sourceTree = "<group>"; };
		2FE817AC19F6C73F00FFB281 /* HudLayer.mm */ = {isa = PBXFileReference; fileEncoding = 4; lastKnownFileType = sourcecode.cpp.objcpp; path = HudLayer.mm; sourceTree = "<group>"; };
		2FE817B419F6CC3300FFB281 /* SceneGame.h */ = {isa = PBXFileReference; fileEncoding = 4; lastKnownFileType = sourcecode.c.h; path = SceneGame.h; sourceTree = "<group>"; };
		2FE817B519F6CC3300FFB281 /* SceneGame.mm */ = {isa = PBXFileReference; fileEncoding = 4; lastKnownFileType = sourcecode.cpp.objcpp; path = SceneGame.mm; sourceTree = "<group>"; };
		2FE817B719F6CC3C00FFB281 /* GameLayer.h */ = {isa = PBXFileReference; fileEncoding = 4; lastKnownFileType = sourcecode.c.h; path = GameLayer.h; sourceTree = "<group>"; };
		2FE817B819F6CC3C00FFB281 /* GameLayer.mm */ = {isa = PBXFileReference; fileEncoding = 4; lastKnownFileType = sourcecode.cpp.objcpp; path = GameLayer.mm; sourceTree = "<group>"; };
		2FE817BA19F6CFDC00FFB281 /* StatsManager.h */ = {isa = PBXFileReference; fileEncoding = 4; lastKnownFileType = sourcecode.c.h; path = StatsManager.h; sourceTree = "<group>"; };
		2FE817BB19F6CFDC00FFB281 /* StatsManager.mm */ = {isa = PBXFileReference; fileEncoding = 4; lastKnownFileType = sourcecode.cpp.objcpp; path = StatsManager.mm; sourceTree = "<group>"; };
		2FEF54AB1B54502000418060 /* en */ = {isa = PBXFileReference; lastKnownFileType = text.plist.strings; name = en; path = Localizable.strings; sourceTree = "<group>"; };
		2FEF54AE1B54502000418060 /* fr */ = {isa = PBXFileReference; lastKnownFileType = text.plist.strings; name = fr; path = Localizable.strings; sourceTree = "<group>"; };
		5B12100919748273004C1E1D /* libEGL.so */ = {isa = PBXFileReference; lastKnownFileType = "compiled.mach-o.dylib"; name = libEGL.so; path = /usr/lib/armv7a/libEGL.so; sourceTree = SDKROOT; };
		5B12100B19748281004C1E1D /* BridgeKitV3.framework */ = {isa = PBXFileReference; lastKnownFileType = wrapper.framework; name = BridgeKitV3.framework; path = System/Library/Frameworks/BridgeKitV3.framework; sourceTree = SDKROOT; };
		5B121021197484A3004C1E1D /* NewProject Java.jar */ = {isa = PBXFileReference; includeInIndex = 0; lastKnownFileType = archive.jar; path = "NewProject Java.jar"; sourceTree = BUILT_PRODUCTS_DIR; };
		73A2C1591B3650510055A767 /* sliders.png */ = {isa = PBXFileReference; lastKnownFileType = image.png; path = sliders.png; sourceTree = "<group>"; };
		73A2C15F1B3657EF0055A767 /* mainmenu_XZLogobtn.png */ = {isa = PBXFileReference; lastKnownFileType = image.png; path = mainmenu_XZLogobtn.png; sourceTree = "<group>"; };
		73A99B291ABE30A90050CF37 /* particleAloneSmoke.png */ = {isa = PBXFileReference; lastKnownFileType = image.png; name = particleAloneSmoke.png; path = Spritesheets/Background/particleAloneSmoke.png; sourceTree = SOURCE_ROOT; };
		73B8B15B1AB93769007FF40F /* particleAlone.png */ = {isa = PBXFileReference; lastKnownFileType = image.png; name = particleAlone.png; path = Spritesheets/Background/particleAlone.png; sourceTree = SOURCE_ROOT; };
		73C15C701B22909600462D45 /* centerAloneB.png */ = {isa = PBXFileReference; lastKnownFileType = image.png; path = centerAloneB.png; sourceTree = "<group>"; };
		73D7668A1A202E3800BDD6D5 /* libz.dylib */ = {isa = PBXFileReference; lastKnownFileType = "compiled.mach-o.dylib"; name = libz.dylib; path = usr/lib/libz.dylib; sourceTree = SDKROOT; };
		8392007918EE8E3300B6C429 /* GLKit.framework */ = {isa = PBXFileReference; lastKnownFileType = wrapper.framework; name = GLKit.framework; path = System/Library/Frameworks/GLKit.framework; sourceTree = SDKROOT; };
		927F61BF196C771E000F43EF /* NewProjectAndroid.app */ = {isa = PBXFileReference; explicitFileType = wrapper.application; includeInIndex = 0; path = NewProjectAndroid.app; sourceTree = BUILT_PRODUCTS_DIR; };
		B73789851807631A0076A88C /* main.m */ = {isa = PBXFileReference; fileEncoding = 4; lastKnownFileType = sourcecode.c.objc; name = main.m; path = Source/main.m; sourceTree = SOURCE_ROOT; };
		B73789861807631A0076A88C /* Prefix.pch */ = {isa = PBXFileReference; fileEncoding = 4; lastKnownFileType = sourcecode.c.h; name = Prefix.pch; path = Source/Prefix.pch; sourceTree = SOURCE_ROOT; };
		B77F1B2E17B978D7009739AE /* NewProject.app */ = {isa = PBXFileReference; explicitFileType = wrapper.application; includeInIndex = 0; path = NewProject.app; sourceTree = BUILT_PRODUCTS_DIR; };
		B77F1B3117B978D7009739AE /* QuartzCore.framework */ = {isa = PBXFileReference; lastKnownFileType = wrapper.framework; name = QuartzCore.framework; path = System/Library/Frameworks/QuartzCore.framework; sourceTree = SDKROOT; };
		B77F1B3317B978D7009739AE /* OpenGLES.framework */ = {isa = PBXFileReference; lastKnownFileType = wrapper.framework; name = OpenGLES.framework; path = System/Library/Frameworks/OpenGLES.framework; sourceTree = SDKROOT; };
		B77F1B3517B978D7009739AE /* OpenAL.framework */ = {isa = PBXFileReference; lastKnownFileType = wrapper.framework; name = OpenAL.framework; path = System/Library/Frameworks/OpenAL.framework; sourceTree = SDKROOT; };
		B77F1B3717B978D7009739AE /* AudioToolbox.framework */ = {isa = PBXFileReference; lastKnownFileType = wrapper.framework; name = AudioToolbox.framework; path = System/Library/Frameworks/AudioToolbox.framework; sourceTree = SDKROOT; };
		B77F1B3917B978D7009739AE /* AVFoundation.framework */ = {isa = PBXFileReference; lastKnownFileType = wrapper.framework; name = AVFoundation.framework; path = System/Library/Frameworks/AVFoundation.framework; sourceTree = SDKROOT; };
		B77F1B3B17B978D7009739AE /* UIKit.framework */ = {isa = PBXFileReference; lastKnownFileType = wrapper.framework; name = UIKit.framework; path = System/Library/Frameworks/UIKit.framework; sourceTree = SDKROOT; };
		B77F1B3D17B978D7009739AE /* Foundation.framework */ = {isa = PBXFileReference; lastKnownFileType = wrapper.framework; name = Foundation.framework; path = System/Library/Frameworks/Foundation.framework; sourceTree = SDKROOT; };
		B77F1B3F17B978D7009739AE /* CoreGraphics.framework */ = {isa = PBXFileReference; lastKnownFileType = wrapper.framework; name = CoreGraphics.framework; path = System/Library/Frameworks/CoreGraphics.framework; sourceTree = SDKROOT; };
		B77F1B4117B978D7009739AE /* CoreText.framework */ = {isa = PBXFileReference; lastKnownFileType = wrapper.framework; name = CoreText.framework; path = System/Library/Frameworks/CoreText.framework; sourceTree = SDKROOT; };
		B7B3713D180358F1007369CC /* libObjectiveChipmunk.a */ = {isa = PBXFileReference; lastKnownFileType = archive.ar; name = libObjectiveChipmunk.a; path = "../libs/cocos2d-iphone/external/Chipmunk/xcode/build/Debug-iphoneos/libObjectiveChipmunk.a"; sourceTree = "<group>"; };
/* End PBXFileReference section */

/* Begin PBXFrameworksBuildPhase section */
		5B121028197484D5004C1E1D /* Frameworks */ = {
			isa = PBXFrameworksBuildPhase;
			buildActionMask = 2147483647;
			files = (
				5B121029197484DA004C1E1D /* BridgeKitV3.framework in Frameworks */,
			);
			runOnlyForDeploymentPostprocessing = 0;
		};
		927F61A0196C771E000F43EF /* Frameworks */ = {
			isa = PBXFrameworksBuildPhase;
			buildActionMask = 2147483647;
			files = (
				5B12100C19748281004C1E1D /* BridgeKitV3.framework in Frameworks */,
				927F61A5196C771E000F43EF /* OpenAL.framework in Frameworks */,
				927F61A9196C771E000F43EF /* Foundation.framework in Frameworks */,
				927F61AA196C771E000F43EF /* CoreGraphics.framework in Frameworks */,
				927F61AB196C771E000F43EF /* CoreText.framework in Frameworks */,
			);
			runOnlyForDeploymentPostprocessing = 0;
		};
		B77F1B2B17B978D7009739AE /* Frameworks */ = {
			isa = PBXFrameworksBuildPhase;
			buildActionMask = 2147483647;
			files = (
				2F0FA1F31CD82C420055A9B3 /* GameplayKit.framework in Frameworks */,
				2F0FA1E91CD8287E0055A9B3 /* libcocos2d.a in Frameworks */,
				2F430FF71B33A409009988A9 /* MessageUI.framework in Frameworks */,
				2FD616C31B4B8F380092985B /* Social.framework in Frameworks */,
				2F430FF91B33A429009988A9 /* EventKitUI.framework in Frameworks */,
				2F430FF51B33A3E4009988A9 /* EventKit.framework in Frameworks */,
				2FBA1D9F1B20FDE4004ED5A3 /* libsqlite3.dylib in Frameworks */,
				2FBA1D9D1B20FDD1004ED5A3 /* SystemConfiguration.framework in Frameworks */,
				2FBA1D871B1E79B1004ED5A3 /* GameKit.framework in Frameworks */,
				2FBA1D7D1B1DBE35004ED5A3 /* CoreTelephony.framework in Frameworks */,
				2FBA1D7B1B1DBE1C004ED5A3 /* CoreMedia.framework in Frameworks */,
				2FBA1D791B1DB254004ED5A3 /* StoreKit.framework in Frameworks */,
				2FBA1D771B1DB24D004ED5A3 /* AdSupport.framework in Frameworks */,
				2FBA1D661B1CDBF0004ED5A3 /* libxml2.dylib in Frameworks */,
				73D7668B1A202E3900BDD6D5 /* libz.dylib in Frameworks */,
				8392007A18EE8E3300B6C429 /* GLKit.framework in Frameworks */,
				B77F1B3217B978D7009739AE /* QuartzCore.framework in Frameworks */,
				B77F1B3417B978D7009739AE /* OpenGLES.framework in Frameworks */,
				B77F1B3617B978D7009739AE /* OpenAL.framework in Frameworks */,
				B77F1B3817B978D7009739AE /* AudioToolbox.framework in Frameworks */,
				B77F1B3A17B978D7009739AE /* AVFoundation.framework in Frameworks */,
				B77F1B3C17B978D7009739AE /* UIKit.framework in Frameworks */,
				B77F1B3E17B978D7009739AE /* Foundation.framework in Frameworks */,
				B77F1B4017B978D7009739AE /* CoreGraphics.framework in Frameworks */,
				B77F1B4217B978D7009739AE /* CoreText.framework in Frameworks */,
			);
			runOnlyForDeploymentPostprocessing = 0;
		};
/* End PBXFrameworksBuildPhase section */

/* Begin PBXGroup section */
		2F0FA1C51CD812D80055A9B3 /* Products */ = {
			isa = PBXGroup;
			children = (
				2F0FA1CE1CD812D90055A9B3 /* libcocos2d.a */,
			);
			name = Products;
			sourceTree = "<group>";
		};
		2F0FA1DA1CD81BEA0055A9B3 /* extension */ = {
			isa = PBXGroup;
			children = (
				2F0FA1DB1CD81BEA0055A9B3 /* ShatteredSprite.h */,
				2F0FA1DC1CD81BEA0055A9B3 /* ShatteredSprite.m */,
				2F0FA1DD1CD81BEA0055A9B3 /* XZButton.h */,
				2F0FA1DE1CD81BEA0055A9B3 /* XZButton.m */,
			);
			name = extension;
			path = Source/libs/extension;
			sourceTree = "<group>";
		};
		2F0FA1F41CD952D30055A9B3 /* Components */ = {
			isa = PBXGroup;
			children = (
				2F0FA1FB1CD9EEA50055A9B3 /* RenderComponent.h */,
				2F0FA1FC1CD9EEA50055A9B3 /* RenderComponent.mm */,
				2F0FA1F51CD9545A0055A9B3 /* MoveComponent.h */,
				2F0FA1F61CD9545A0055A9B3 /* MoveComponent.mm */,
			);
			name = Components;
			sourceTree = "<group>";
		};
		2F22E9231A219522001DD9DC /* sfx */ = {
			isa = PBXGroup;
			children = (
				2FBA1D3F1B19231C004ED5A3 /* sfx_asteroid_destroy.wav */,
				2FBA1D401B19231C004ED5A3 /* sfx_asteroid_launch.wav */,
				2FBA1D411B19231C004ED5A3 /* sfx_bounce.wav */,
				2FBA1D421B19231C004ED5A3 /* sfx_earth_damaged.wav */,
				2FBA1D441B19231C004ED5A3 /* sfx_game_over.wav */,
				2FBA1D451B19231C004ED5A3 /* sfx_high_score.wav */,
				2FBA1D461B19231C004ED5A3 /* sfx_menu_accept.wav */,
				2FBA1D471B19231C004ED5A3 /* sfx_menu_cancel.wav */,
				2FBA1D481B19231C004ED5A3 /* sfx_powerup.wav */,
				2FBA1D491B19231C004ED5A3 /* sfx_rolling.wav */,
				2F1E80361B256D1600581114 /* sfx_rolling2.wav */,
				2FBA1D4A1B19231C004ED5A3 /* sfx_unlock.wav */,
				2FBA1D4B1B19231C004ED5A3 /* sfx_win_roar.wav */,
			);
			path = sfx;
			sourceTree = "<group>";
		};
		2F278D6F1A0C0A7B00865A9B /* Spritesheets */ = {
			isa = PBXGroup;
			children = (
				2F0FA1D41CD81A260055A9B3 /* gameplay.plist */,
				2F0FA1D51CD81A260055A9B3 /* gameplay.png */,
				2F278D721A0C0A7B00865A9B /* hud.plist */,
				2F278D731A0C0A7B00865A9B /* hud.png */,
				2FCE04D21A1F27A500C6E4BB /* window.plist */,
				2FCE04D31A1F27A500C6E4BB /* window.png */,
			);
			path = Spritesheets;
			sourceTree = "<group>";
		};
		2F451E371B0BE0D400E936EC /* sprite */ = {
			isa = PBXGroup;
			children = (
				73C15C701B22909600462D45 /* centerAloneB.png */,
				73A2C15F1B3657EF0055A767 /* mainmenu_XZLogobtn.png */,
				73A2C1591B3650510055A767 /* sliders.png */,
				2F451E381B0BE0D400E936EC /* centerAlone.png */,
			);
			path = sprite;
			sourceTree = "<group>";
		};
		2FBA1D801B1E6F6F004ED5A3 /* music */ = {
			isa = PBXGroup;
			children = (
				2F1E80381B2571EF00581114 /* track1.m4a */,
				2FBA1D811B1E6F6F004ED5A3 /* main_menu.m4a */,
			);
			path = music;
			sourceTree = "<group>";
		};
		2FBA1D901B1E836E004ED5A3 /* reachability */ = {
			isa = PBXGroup;
			children = (
				2FBA1D911B1E836E004ED5A3 /* Reachability.h */,
				2FBA1D921B1E836E004ED5A3 /* Reachability.m */,
			);
			name = reachability;
			path = ../../lib/reachability;
			sourceTree = "<group>";
		};
		2FC5634A19F57BCE00651FE9 /* System */ = {
			isa = PBXGroup;
			children = (
				2FC5636619F57DF200651FE9 /* types.h */,
				2FC5634B19F57BCE00651FE9 /* AppDelegate.h */,
				2FC5634C19F57BCE00651FE9 /* AppDelegate.m */,
				2F678A131AB8FB3D00BC89C0 /* XZParticleSystem.h */,
				2F678A141AB8FB3D00BC89C0 /* XZParticleSystem.mm */,
			);
			name = System;
			path = Source/System;
			sourceTree = "<group>";
		};
		2FC5634E19F57D5A00651FE9 /* Scenes */ = {
			isa = PBXGroup;
			children = (
				2FC5634F19F57D5A00651FE9 /* Layers */,
				2FC5635219F57D5A00651FE9 /* SceneMainMenu.h */,
				2FC5635319F57D5A00651FE9 /* SceneMainMenu.mm */,
				2FE817B419F6CC3300FFB281 /* SceneGame.h */,
				2FE817B519F6CC3300FFB281 /* SceneGame.mm */,
			);
			name = Scenes;
			path = Source/Scenes;
			sourceTree = "<group>";
		};
		2FC5634F19F57D5A00651FE9 /* Layers */ = {
			isa = PBXGroup;
			children = (
				2FE038AE1AD3EEBF00521DB7 /* PauseMenu.h */,
				2FE038AF1AD3EEBF00521DB7 /* PauseMenu.mm */,
				2FE817B719F6CC3C00FFB281 /* GameLayer.h */,
				2FE817B819F6CC3C00FFB281 /* GameLayer.mm */,
				2FE817AB19F6C73F00FFB281 /* HudLayer.h */,
				2FE817AC19F6C73F00FFB281 /* HudLayer.mm */,
				2FC5635019F57D5A00651FE9 /* MainMenuLayer.h */,
				2FC5635119F57D5A00651FE9 /* MainMenuLayer.mm */,
			);
			path = Layers;
			sourceTree = "<group>";
		};
		2FC5635619F57DC100651FE9 /* Menu */ = {
			isa = PBXGroup;
			children = (
				2F0FA1E61CD822950055A9B3 /* XZWindow.h */,
				2F0FA1E71CD822950055A9B3 /* XZWindow.mm */,
			);
			name = Menu;
			path = Source/Menu;
			sourceTree = "<group>";
		};
		2FC5636719F57EA400651FE9 /* XZTools */ = {
			isa = PBXGroup;
			children = (
				2FE6A8BB1D1F2F8000A254ED /* Tools3.h */,
				2FE6A8BC1D1F2F8000A254ED /* Tools3.m */,
			);
			name = XZTools;
			path = ../../lib/XZTools;
			sourceTree = "<group>";
		};
		2FC5637219F580CA00651FE9 /* singletons */ = {
			isa = PBXGroup;
			children = (
				2F0FA1E31CD81D080055A9B3 /* ProfileSettings.h */,
				2F0FA1E41CD81D080055A9B3 /* ProfileSettings.mm */,
				2FE817BA19F6CFDC00FFB281 /* StatsManager.h */,
				2FE817BB19F6CFDC00FFB281 /* StatsManager.mm */,
				2FC5637319F580CA00651FE9 /* GlobalSettings.h */,
				2FC5637419F580CA00651FE9 /* GlobalSettings.mm */,
				2F22E9201A21510A001DD9DC /* XZSound.h */,
				2F22E9211A21510A001DD9DC /* XZSound.mm */,
			);
			name = singletons;
			path = Source/singletons;
			sourceTree = "<group>";
		};
		2FE8178F19F6BFD800FFB281 /* Objects */ = {
			isa = PBXGroup;
			children = (
				2FE8179B19F6C32200FFB281 /* Sky.h */,
				2FE8179C19F6C32200FFB281 /* Sky.mm */,
				2FE8179119F6BFFF00FFB281 /* GameObjects */,
			);
			name = Objects;
			sourceTree = "<group>";
		};
		2FE8179119F6BFFF00FFB281 /* GameObjects */ = {
			isa = PBXGroup;
			children = (
				2FE8179819F6C29500FFB281 /* Cat.h */,
				2FE8179919F6C29600FFB281 /* Cat.mm */,
				2FE8179219F6C0C600FFB281 /* Hero.h */,
				2FE8179319F6C0C600FFB281 /* Hero.mm */,
				2FE8179419F6C0C600FFB281 /* GameObject.h */,
				2FE8179519F6C0C600FFB281 /* GameObject.mm */,
			);
			name = GameObjects;
			sourceTree = "<group>";
		};
		2FEF54A91B54502000418060 /* en.lproj */ = {
			isa = PBXGroup;
			children = (
				2FEF54AA1B54502000418060 /* Localizable.strings */,
			);
			path = en.lproj;
			sourceTree = "<group>";
		};
		2FEF54AC1B54502000418060 /* fr.lproj */ = {
			isa = PBXGroup;
			children = (
				2FEF54AD1B54502000418060 /* Localizable.strings */,
			);
			path = fr.lproj;
			sourceTree = "<group>";
		};
		73D766631A1E93AB00BDD6D5 /* Fonts */ = {
			isa = PBXGroup;
			children = (
				2F0FA1EA1CD82B4B0055A9B3 /* digitalFont_0.png */,
				2F0FA1EB1CD82B4B0055A9B3 /* digitalFont.fnt */,
				2F0FA1EC1CD82B4B0055A9B3 /* digitalFontLarge_0.png */,
				2F0FA1ED1CD82B4B0055A9B3 /* digitalFontLarge.fnt */,
			);
			name = Fonts;
			path = Source/Fonts;
			sourceTree = "<group>";
		};
		9222E2B918734FF800A246C7 /* libs */ = {
			isa = PBXGroup;
			children = (
				2F0FA1DA1CD81BEA0055A9B3 /* extension */,
				2F0FA1C41CD812D80055A9B3 /* cocos2d-ios.xcodeproj */,
				2FBA1D901B1E836E004ED5A3 /* reachability */,
				2FC5636719F57EA400651FE9 /* XZTools */,
			);
			name = libs;
			sourceTree = "<group>";
		};
		B737893C1807616C0076A88C /* Source */ = {
			isa = PBXGroup;
			children = (
				2F0FA1F41CD952D30055A9B3 /* Components */,
				73D766631A1E93AB00BDD6D5 /* Fonts */,
				2FE8178F19F6BFD800FFB281 /* Objects */,
				2FC5635619F57DC100651FE9 /* Menu */,
				2FC5637219F580CA00651FE9 /* singletons */,
				2FC5634E19F57D5A00651FE9 /* Scenes */,
				2FC5634A19F57BCE00651FE9 /* System */,
			);
			name = Source;
			sourceTree = "<group>";
		};
		B77F1B2517B978D7009739AE = {
			isa = PBXGroup;
			children = (
				B737893C1807616C0076A88C /* Source */,
				B77F1B4617B978D7009739AE /* Resources */,
				9222E2B918734FF800A246C7 /* libs */,
				B77F1CCF17B978D8009739AE /* Supporting Files */,
				B77F1B3017B978D7009739AE /* Frameworks */,
				B77F1B2F17B978D7009739AE /* Products */,
			);
			sourceTree = "<group>";
		};
		B77F1B2F17B978D7009739AE /* Products */ = {
			isa = PBXGroup;
			children = (
				B77F1B2E17B978D7009739AE /* NewProject.app */,
				927F61BF196C771E000F43EF /* NewProjectAndroid.app */,
				5B121021197484A3004C1E1D /* NewProject Java.jar */,
			);
			name = Products;
			sourceTree = "<group>";
		};
		B77F1B3017B978D7009739AE /* Frameworks */ = {
			isa = PBXGroup;
			children = (
				2F0FA1F21CD82C420055A9B3 /* GameplayKit.framework */,
				2FDF380D1C6D29940032904A /* libcrypto.a */,
				2FDF380E1C6D29940032904A /* libssl.a */,
				2FD616C21B4B8F380092985B /* Social.framework */,
				2F430FF81B33A429009988A9 /* EventKitUI.framework */,
				2F430FF61B33A409009988A9 /* MessageUI.framework */,
				2F430FF41B33A3E4009988A9 /* EventKit.framework */,
				2F430FE71B338F0F009988A9 /* GoogleMobileAds.framework */,
				2FBA1D9E1B20FDE4004ED5A3 /* libsqlite3.dylib */,
				2FBA1D9C1B20FDD1004ED5A3 /* SystemConfiguration.framework */,
				2FBA1D861B1E79B1004ED5A3 /* GameKit.framework */,
				2FBA1D7C1B1DBE35004ED5A3 /* CoreTelephony.framework */,
				2FBA1D7A1B1DBE1C004ED5A3 /* CoreMedia.framework */,
				2FBA1D781B1DB254004ED5A3 /* StoreKit.framework */,
				2FBA1D761B1DB24D004ED5A3 /* AdSupport.framework */,
				2FBA1D6F1B1CF729004ED5A3 /* iAd.framework */,
				2FBA1D671B1CE092004ED5A3 /* libicucore.dylib */,
				2FBA1D641B1CD71F004ED5A3 /* libxml2.dylib */,
				73D7668A1A202E3800BDD6D5 /* libz.dylib */,
				5B12100B19748281004C1E1D /* BridgeKitV3.framework */,
				5B12100919748273004C1E1D /* libEGL.so */,
				8392007918EE8E3300B6C429 /* GLKit.framework */,
				B7B3713D180358F1007369CC /* libObjectiveChipmunk.a */,
				B77F1B3117B978D7009739AE /* QuartzCore.framework */,
				B77F1B3317B978D7009739AE /* OpenGLES.framework */,
				B77F1B3517B978D7009739AE /* OpenAL.framework */,
				B77F1B3717B978D7009739AE /* AudioToolbox.framework */,
				B77F1B3917B978D7009739AE /* AVFoundation.framework */,
				B77F1B3B17B978D7009739AE /* UIKit.framework */,
				B77F1B3D17B978D7009739AE /* Foundation.framework */,
				B77F1B3F17B978D7009739AE /* CoreGraphics.framework */,
				B77F1B4117B978D7009739AE /* CoreText.framework */,
			);
			name = Frameworks;
			sourceTree = "<group>";
		};
		B77F1B4617B978D7009739AE /* Resources */ = {
			isa = PBXGroup;
			children = (
				2FE6A88C1D1E428F00A254ED /* Images.xcassets */,
				2FEF54A91B54502000418060 /* en.lproj */,
				2FEF54AC1B54502000418060 /* fr.lproj */,
				2FBA1D801B1E6F6F004ED5A3 /* music */,
				2F451E371B0BE0D400E936EC /* sprite */,
				2F22E9231A219522001DD9DC /* sfx */,
				2F278D6F1A0C0A7B00865A9B /* Spritesheets */,
				73A99B291ABE30A90050CF37 /* particleAloneSmoke.png */,
				73B8B15B1AB93769007FF40F /* particleAlone.png */,
				2F1E80491B29205500581114 /* particleHP.png */,
				2F485D711AC53898007B5B74 /* hallo_ring.png */,
				2F0FA1E11CD81C2F0055A9B3 /* bg.png */,
			);
			name = Resources;
			path = Source/Resources;
			sourceTree = "<group>";
		};
		B77F1CCF17B978D8009739AE /* Supporting Files */ = {
			isa = PBXGroup;
			children = (
				B73789851807631A0076A88C /* main.m */,
				B73789861807631A0076A88C /* Prefix.pch */,
			);
			name = "Supporting Files";
			sourceTree = "<group>";
		};
/* End PBXGroup section */

/* Begin PBXNativeTarget section */
		5B121020197484A3004C1E1D /* NewProject Java */ = {
			isa = PBXNativeTarget;
			buildConfigurationList = 5B121022197484A3004C1E1D /* Build configuration list for PBXNativeTarget "NewProject Java" */;
			buildPhases = (
				5B121027197484D2004C1E1D /* Sources */,
				5B121028197484D5004C1E1D /* Frameworks */,
			);
			buildRules = (
			);
			dependencies = (
			);
			name = "NewProject Java";
			productName = "NewProject Java";
			productReference = 5B121021197484A3004C1E1D /* NewProject Java.jar */;
			productType = "com.apportable.java.product-type.library";
		};
		927F6198196C771E000F43EF /* NewProjectAndroid */ = {
			isa = PBXNativeTarget;
			buildConfigurationList = 927F61BC196C771E000F43EF /* Build configuration list for PBXNativeTarget "NewProjectAndroid" */;
			buildPhases = (
				927F619B196C771E000F43EF /* Run Script */,
				927F619C196C771E000F43EF /* Sources */,
				927F61A0196C771E000F43EF /* Frameworks */,
				927F61AC196C771E000F43EF /* Resources */,
			);
			buildRules = (
			);
			dependencies = (
				5B121032197485D1004C1E1D /* PBXTargetDependency */,
			);
			name = NewProjectAndroid;
			productName = Example;
			productReference = 927F61BF196C771E000F43EF /* NewProjectAndroid.app */;
			productType = "com.apple.product-type.application";
		};
		B77F1B2D17B978D7009739AE /* NewProject iOS */ = {
			isa = PBXNativeTarget;
			buildConfigurationList = B77F1CDE17B978D8009739AE /* Build configuration list for PBXNativeTarget "NewProject iOS" */;
			buildPhases = (
				D2E0167A18D782EC00927430 /* Run Script */,
				B77F1B2A17B978D7009739AE /* Sources */,
				B77F1B2B17B978D7009739AE /* Frameworks */,
				B77F1B2C17B978D7009739AE /* Resources */,
			);
			buildRules = (
			);
			dependencies = (
			);
			name = "NewProject iOS";
			productName = Example;
			productReference = B77F1B2E17B978D7009739AE /* NewProject.app */;
			productType = "com.apple.product-type.application";
		};
/* End PBXNativeTarget section */

/* Begin PBXProject section */
		B77F1B2617B978D7009739AE /* Project object */ = {
			isa = PBXProject;
			attributes = {
				LastUpgradeCheck = 0510;
				ORGANIZATIONNAME = Apportable;
				TargetAttributes = {
					B77F1B2D17B978D7009739AE = {
						DevelopmentTeam = 7J3CUVQ4U5;
						SystemCapabilities = {
							com.apple.GameCenter = {
								enabled = 1;
							};
						};
					};
				};
			};
			buildConfigurationList = B77F1B2917B978D7009739AE /* Build configuration list for PBXProject "RunPigRun" */;
			compatibilityVersion = "Xcode 3.2";
			developmentRegion = English;
			hasScannedForEncodings = 0;
			knownRegions = (
				en,
				fr,
			);
			mainGroup = B77F1B2517B978D7009739AE;
			productRefGroup = B77F1B2F17B978D7009739AE /* Products */;
			projectDirPath = "";
			projectReferences = (
				{
					ProductGroup = 2F0FA1C51CD812D80055A9B3 /* Products */;
					ProjectRef = 2F0FA1C41CD812D80055A9B3 /* cocos2d-ios.xcodeproj */;
				},
			);
			projectRoot = "";
			targets = (
				B77F1B2D17B978D7009739AE /* NewProject iOS */,
				927F6198196C771E000F43EF /* NewProjectAndroid */,
				5B121020197484A3004C1E1D /* NewProject Java */,
			);
		};
/* End PBXProject section */

/* Begin PBXReferenceProxy section */
		2F0FA1CE1CD812D90055A9B3 /* libcocos2d.a */ = {
			isa = PBXReferenceProxy;
			fileType = archive.ar;
			path = libcocos2d.a;
			remoteRef = 2F0FA1CD1CD812D90055A9B3 /* PBXContainerItemProxy */;
			sourceTree = BUILT_PRODUCTS_DIR;
		};
/* End PBXReferenceProxy section */

/* Begin PBXResourcesBuildPhase section */
		927F61AC196C771E000F43EF /* Resources */ = {
			isa = PBXResourcesBuildPhase;
			buildActionMask = 2147483647;
			files = (
				73A99B2B1ABE30AA0050CF37 /* particleAloneSmoke.png in Resources */,
				73A2C15B1B3650510055A767 /* sliders.png in Resources */,
				73A2C1611B3657EF0055A767 /* mainmenu_XZLogobtn.png in Resources */,
				73B8B15D1AB93769007FF40F /* particleAlone.png in Resources */,
				73C15C721B22909600462D45 /* centerAloneB.png in Resources */,
			);
			runOnlyForDeploymentPostprocessing = 0;
		};
		B77F1B2C17B978D7009739AE /* Resources */ = {
			isa = PBXResourcesBuildPhase;
			buildActionMask = 2147483647;
			files = (
				2F0FA1D71CD81A260055A9B3 /* gameplay.png in Resources */,
				2FBA1D521B19231C004ED5A3 /* sfx_high_score.wav in Resources */,
				2F451E391B0BE0D400E936EC /* centerAlone.png in Resources */,
				2FBA1D551B19231C004ED5A3 /* sfx_powerup.wav in Resources */,
				73C15C711B22909600462D45 /* centerAloneB.png in Resources */,
				2F0FA1EF1CD82B4B0055A9B3 /* digitalFont.fnt in Resources */,
				2FBA1D511B19231C004ED5A3 /* sfx_game_over.wav in Resources */,
				2F1E804A1B29205500581114 /* particleHP.png in Resources */,
				2FBA1D4F1B19231C004ED5A3 /* sfx_earth_damaged.wav in Resources */,
				2FE6A88D1D1E428F00A254ED /* Images.xcassets in Resources */,
				2FBA1D541B19231C004ED5A3 /* sfx_menu_cancel.wav in Resources */,
				2FBA1D4E1B19231C004ED5A3 /* sfx_bounce.wav in Resources */,
				2F278D771A0C0A7B00865A9B /* hud.png in Resources */,
				2FBA1D561B19231C004ED5A3 /* sfx_rolling.wav in Resources */,
				2F0FA1E21CD81C2F0055A9B3 /* bg.png in Resources */,
				2FBA1D4D1B19231C004ED5A3 /* sfx_asteroid_launch.wav in Resources */,
				2F0FA1EE1CD82B4B0055A9B3 /* digitalFont_0.png in Resources */,
				2F1E80391B2571EF00581114 /* track1.m4a in Resources */,
				2F1E80371B256D1600581114 /* sfx_rolling2.wav in Resources */,
				2F0FA1F11CD82B4B0055A9B3 /* digitalFontLarge.fnt in Resources */,
				2F485D721AC53898007B5B74 /* hallo_ring.png in Resources */,
				2FEF54B01B54502000418060 /* Localizable.strings in Resources */,
				2FCE04D51A1F27A500C6E4BB /* window.png in Resources */,
				2FBA1D821B1E6F6F004ED5A3 /* main_menu.m4a in Resources */,
				73A2C15A1B3650510055A767 /* sliders.png in Resources */,
				2F278D761A0C0A7B00865A9B /* hud.plist in Resources */,
				2F0FA1F01CD82B4B0055A9B3 /* digitalFontLarge_0.png in Resources */,
				2FEF54AF1B54502000418060 /* Localizable.strings in Resources */,
				2FBA1D571B19231C004ED5A3 /* sfx_unlock.wav in Resources */,
				2FBA1D581B19231C004ED5A3 /* sfx_win_roar.wav in Resources */,
				73B8B15C1AB93769007FF40F /* particleAlone.png in Resources */,
				2F0FA1D61CD81A260055A9B3 /* gameplay.plist in Resources */,
				2FBA1D531B19231C004ED5A3 /* sfx_menu_accept.wav in Resources */,
				73A99B2A1ABE30AA0050CF37 /* particleAloneSmoke.png in Resources */,
				2FBA1D4C1B19231C004ED5A3 /* sfx_asteroid_destroy.wav in Resources */,
				2FCE04D41A1F27A500C6E4BB /* window.plist in Resources */,
				73A2C1601B3657EF0055A767 /* mainmenu_XZLogobtn.png in Resources */,
			);
			runOnlyForDeploymentPostprocessing = 0;
		};
/* End PBXResourcesBuildPhase section */

/* Begin PBXShellScriptBuildPhase section */
		927F619B196C771E000F43EF /* Run Script */ = {
			isa = PBXShellScriptBuildPhase;
			buildActionMask = 2147483647;
			files = (
			);
			inputPaths = (
			);
			name = "Run Script";
			outputPaths = (
			);
			runOnlyForDeploymentPostprocessing = 0;
			shellPath = /bin/sh;
			shellScript = "osascript -e 'tell application \"System Events\"' -e 'set ProcessList to name of every process' -e 'if \"SpriteBuilder\" is in ProcessList then' -e 'tell application \"SpriteBuilder\" to publish' -e 'end if' -e 'end tell'";
		};
		D2E0167A18D782EC00927430 /* Run Script */ = {
			isa = PBXShellScriptBuildPhase;
			buildActionMask = 2147483647;
			files = (
			);
			inputPaths = (
			);
			name = "Run Script";
			outputPaths = (
			);
			runOnlyForDeploymentPostprocessing = 0;
			shellPath = /bin/sh;
			shellScript = "#";
		};
/* End PBXShellScriptBuildPhase section */

/* Begin PBXSourcesBuildPhase section */
		5B121027197484D2004C1E1D /* Sources */ = {
			isa = PBXSourcesBuildPhase;
			buildActionMask = 2147483647;
			files = (
			);
			runOnlyForDeploymentPostprocessing = 0;
		};
		927F619C196C771E000F43EF /* Sources */ = {
			isa = PBXSourcesBuildPhase;
			buildActionMask = 2147483647;
			files = (
			);
			runOnlyForDeploymentPostprocessing = 0;
		};
		B77F1B2A17B978D7009739AE /* Sources */ = {
			isa = PBXSourcesBuildPhase;
			buildActionMask = 2147483647;
			files = (
				2F22E9221A21510A001DD9DC /* XZSound.mm in Sources */,
				2FE8179D19F6C32200FFB281 /* Sky.mm in Sources */,
				2FE817AD19F6C73F00FFB281 /* HudLayer.mm in Sources */,
				2FE038B01AD3EEBF00521DB7 /* PauseMenu.mm in Sources */,
				2FE8179A19F6C29600FFB281 /* Cat.mm in Sources */,
				2F0FA1E51CD81D080055A9B3 /* ProfileSettings.mm in Sources */,
				2F678A151AB8FB3D00BC89C0 /* XZParticleSystem.mm in Sources */,
				2FE8179619F6C0C600FFB281 /* Hero.mm in Sources */,
				2FE8179719F6C0C600FFB281 /* GameObject.mm in Sources */,
				2FC5635519F57D5A00651FE9 /* SceneMainMenu.mm in Sources */,
				2FC5634D19F57BCE00651FE9 /* AppDelegate.m in Sources */,
				B73789871807631A0076A88C /* main.m in Sources */,
				2F0FA1E01CD81BEA0055A9B3 /* XZButton.m in Sources */,
				2F0FA1FD1CD9EEA50055A9B3 /* RenderComponent.mm in Sources */,
				2F0FA1DF1CD81BEA0055A9B3 /* ShatteredSprite.m in Sources */,
				2FE6A8BD1D1F2F8000A254ED /* Tools3.m in Sources */,
				2FC5635419F57D5A00651FE9 /* MainMenuLayer.mm in Sources */,
				2FE817B619F6CC3300FFB281 /* SceneGame.mm in Sources */,
				2F0FA1F71CD9545C0055A9B3 /* MoveComponent.mm in Sources */,
				2FE817BC19F6CFDC00FFB281 /* StatsManager.mm in Sources */,
				2F0FA1E81CD822950055A9B3 /* XZWindow.mm in Sources */,
				2FC5637519F580CA00651FE9 /* GlobalSettings.mm in Sources */,
				2FE817B919F6CC3C00FFB281 /* GameLayer.mm in Sources */,
			);
			runOnlyForDeploymentPostprocessing = 0;
		};
/* End PBXSourcesBuildPhase section */

/* Begin PBXTargetDependency section */
		5B121032197485D1004C1E1D /* PBXTargetDependency */ = {
			isa = PBXTargetDependency;
			target = 5B121020197484A3004C1E1D /* NewProject Java */;
			targetProxy = 5B121031197485D1004C1E1D /* PBXContainerItemProxy */;
		};
/* End PBXTargetDependency section */

/* Begin PBXVariantGroup section */
		2FEF54AA1B54502000418060 /* Localizable.strings */ = {
			isa = PBXVariantGroup;
			children = (
				2FEF54AB1B54502000418060 /* en */,
			);
			name = Localizable.strings;
			sourceTree = "<group>";
		};
		2FEF54AD1B54502000418060 /* Localizable.strings */ = {
			isa = PBXVariantGroup;
			children = (
				2FEF54AE1B54502000418060 /* fr */,
			);
			name = Localizable.strings;
			sourceTree = "<group>";
		};
/* End PBXVariantGroup section */

/* Begin XCBuildConfiguration section */
		5B121023197484A3004C1E1D /* Debug */ = {
			isa = XCBuildConfiguration;
			buildSettings = {
				ALWAYS_SEARCH_USER_PATHS = NO;
				CLANG_CXX_LANGUAGE_STANDARD = "gnu++0x";
				CLANG_CXX_LIBRARY = "libc++";
				CLANG_ENABLE_MODULES = YES;
				CLANG_ENABLE_OBJC_ARC = YES;
				CLANG_WARN_BOOL_CONVERSION = YES;
				CLANG_WARN_CONSTANT_CONVERSION = YES;
				CLANG_WARN_DIRECT_OBJC_ISA_USAGE = YES_ERROR;
				CLANG_WARN_EMPTY_BODY = YES;
				CLANG_WARN_ENUM_CONVERSION = YES;
				CLANG_WARN_INT_CONVERSION = YES;
				CLANG_WARN_OBJC_ROOT_CLASS = YES_ERROR;
				CLANG_WARN__DUPLICATE_METHOD_MATCH = YES;
				COPY_PHASE_STRIP = NO;
				GCC_DYNAMIC_NO_PIC = NO;
				GCC_ENABLE_OBJC_EXCEPTIONS = YES;
				GCC_PREPROCESSOR_DEFINITIONS = (
					"DEBUG=1",
					"$(inherited)",
				);
				GCC_WARN_64_TO_32_BIT_CONVERSION = YES;
				GCC_WARN_ABOUT_RETURN_TYPE = YES_ERROR;
				GCC_WARN_UNDECLARED_SELECTOR = YES;
				GCC_WARN_UNINITIALIZED_AUTOS = YES_AGGRESSIVE;
				GCC_WARN_UNUSED_FUNCTION = YES;
				MACOSX_DEPLOYMENT_TARGET = "$(inherited)";
				ONLY_ACTIVE_ARCH = YES;
				PRODUCT_NAME = "$(TARGET_NAME)";
				SDKROOT = sbandroid;
			};
			name = Debug;
		};
		5B121024197484A3004C1E1D /* Release */ = {
			isa = XCBuildConfiguration;
			buildSettings = {
				ALWAYS_SEARCH_USER_PATHS = NO;
				CLANG_CXX_LANGUAGE_STANDARD = "gnu++0x";
				CLANG_CXX_LIBRARY = "libc++";
				CLANG_ENABLE_MODULES = YES;
				CLANG_ENABLE_OBJC_ARC = YES;
				CLANG_WARN_BOOL_CONVERSION = YES;
				CLANG_WARN_CONSTANT_CONVERSION = YES;
				CLANG_WARN_DIRECT_OBJC_ISA_USAGE = YES_ERROR;
				CLANG_WARN_EMPTY_BODY = YES;
				CLANG_WARN_ENUM_CONVERSION = YES;
				CLANG_WARN_INT_CONVERSION = YES;
				CLANG_WARN_OBJC_ROOT_CLASS = YES_ERROR;
				CLANG_WARN__DUPLICATE_METHOD_MATCH = YES;
				COPY_PHASE_STRIP = YES;
				DEBUG_INFORMATION_FORMAT = "dwarf-with-dsym";
				ENABLE_NS_ASSERTIONS = NO;
				GCC_ENABLE_OBJC_EXCEPTIONS = YES;
				GCC_WARN_64_TO_32_BIT_CONVERSION = YES;
				GCC_WARN_ABOUT_RETURN_TYPE = YES_ERROR;
				GCC_WARN_UNDECLARED_SELECTOR = YES;
				GCC_WARN_UNINITIALIZED_AUTOS = YES_AGGRESSIVE;
				GCC_WARN_UNUSED_FUNCTION = YES;
				MACOSX_DEPLOYMENT_TARGET = "$(inherited)";
				PRODUCT_NAME = "$(TARGET_NAME)";
				SDKROOT = sbandroid;
			};
			name = Release;
		};
		927F61BD196C771E000F43EF /* Debug */ = {
			isa = XCBuildConfiguration;
			buildSettings = {
				ALWAYS_SEARCH_USER_PATHS = NO;
				ANDROID_MANIFEST = "$(SRCROOT)/Source/Resources/AndroidManifest.xml";
				ANDROID_RES_DIRS = "$(SRCROOT)/Source/Resources/res";
				CLANG_ENABLE_OBJC_ARC = YES;
				CODE_SIGN_IDENTITY = "iPhone Developer";
				"CODE_SIGN_IDENTITY[sdk=iphoneos*]" = "iPhone Developer";
				COPY_PHASE_STRIP = NO;
				GCC_DYNAMIC_NO_PIC = NO;
				GCC_PRECOMPILE_PREFIX_HEADER = YES;
				GCC_PREFIX_HEADER = Source/Prefix.pch;
				GCC_PREPROCESSOR_DEFINITIONS = (
					DEBUG,
					"COCOS2D_DEBUG=1",
					"COCOS2D_ANDROID=1",
				);
				HEADER_SEARCH_PATHS = (
					"\"Source/libs/cocos2d-iphone/external/kazmath/include\"/**",
					"\"Source/libs/cocos2d-iphone/cocos2d\"/**",
					"Source/libs/cocos2d-iphone/external/Chipmunk/objectivec/include",
					"Source/libs/cocos2d-iphone/external/Chipmunk/include",
					"\"Source/libs/cocos2d-iphone/cocos2d-ui\"/**",
					"\"Source/libs/cocos2d-iphone/external/ObjectAL\"/**",
				);
				INFOPLIST_FILE = "Source/Resources/Android-Info.plist";
				IPHONEOS_DEPLOYMENT_TARGET = 5.0;
				LIBRARY_SEARCH_PATHS = (
					"$(inherited)",
					"$(SDKROOT)/usr/lib/armv7a",
					"$(PROJECT_DIR)/TestFlightSDK3",
				);
				ONLY_ACTIVE_ARCH = YES;
				OTHER_LDFLAGS = (
					"-lz",
					"-ObjC",
					"-lEGL",
					"-lgles_apportable",
					"-landroid",
				);
				PRODUCT_NAME = NewProjectAndroid;
				PROVISIONING_PROFILE = "";
				SDKROOT = sbandroid;
				WRAPPER_EXTENSION = app;
				opengles2 = YES;
			};
			name = Debug;
		};
		927F61BE196C771E000F43EF /* Release */ = {
			isa = XCBuildConfiguration;
			buildSettings = {
				ALWAYS_SEARCH_USER_PATHS = NO;
				ANDROID_MANIFEST = "$(SRCROOT)/Source/Resources/AndroidManifest.xml";
				ANDROID_RES_DIRS = "$(SRCROOT)/Source/Resources/res";
				CLANG_ENABLE_OBJC_ARC = YES;
				CODE_SIGN_IDENTITY = "iPhone Developer";
				"CODE_SIGN_IDENTITY[sdk=iphoneos*]" = "iPhone Developer";
				COPY_PHASE_STRIP = YES;
				GCC_PRECOMPILE_PREFIX_HEADER = YES;
				GCC_PREFIX_HEADER = Source/Prefix.pch;
				GCC_PREPROCESSOR_DEFINITIONS = (
					NDEBUG,
					"NS_BLOCK_ASSERTIONS=1",
					"COCOS2D_ANDROID=1",
				);
				HEADER_SEARCH_PATHS = (
					"\"Source/libs/cocos2d-iphone/external/kazmath/include\"/**",
					"\"Source/libs/cocos2d-iphone/cocos2d\"/**",
					"Source/libs/cocos2d-iphone/external/Chipmunk/objectivec/include",
					"Source/libs/cocos2d-iphone/external/Chipmunk/include",
					"\"Source/libs/cocos2d-iphone/cocos2d-ui\"/**",
					"\"Source/libs/cocos2d-iphone/external/ObjectAL\"/**",
				);
				INFOPLIST_FILE = "Source/Resources/Android-Info.plist";
				IPHONEOS_DEPLOYMENT_TARGET = 5.0;
				LIBRARY_SEARCH_PATHS = (
					"$(inherited)",
					"$(SDKROOT)/usr/lib/armv7a",
					"$(PROJECT_DIR)/TestFlightSDK3",
				);
				OTHER_LDFLAGS = (
					"-lz",
					"-ObjC",
					"-lEGL",
					"-lgles_apportable",
					"-landroid",
				);
				PRODUCT_NAME = NewProjectAndroid;
				PROVISIONING_PROFILE = "";
				SDKROOT = sbandroid;
				VALIDATE_PRODUCT = YES;
				WRAPPER_EXTENSION = app;
				opengles2 = YES;
			};
			name = Release;
		};
		B77F1CDC17B978D8009739AE /* Debug */ = {
			isa = XCBuildConfiguration;
			buildSettings = {
				CLANG_ALLOW_NON_MODULAR_INCLUDES_IN_FRAMEWORK_MODULES = NO;
				CLANG_ENABLE_MODULES = YES;
				CLANG_MODULES_AUTOLINK = NO;
				CLANG_WARN_BOOL_CONVERSION = YES;
				CLANG_WARN_CONSTANT_CONVERSION = YES;
				CLANG_WARN_EMPTY_BODY = YES;
				CLANG_WARN_ENUM_CONVERSION = YES;
				CLANG_WARN_INT_CONVERSION = YES;
				CLANG_WARN__DUPLICATE_METHOD_MATCH = YES;
				"CODE_SIGN_IDENTITY[sdk=iphoneos*]" = "iPhone Developer";
				DEFINES_MODULE = NO;
				GCC_C_LANGUAGE_STANDARD = gnu99;
				GCC_OPTIMIZATION_LEVEL = 0;
				GCC_PREPROCESSOR_DEFINITIONS = (
					DEBUG,
					"COCOS2D_DEBUG=1",
				);
				GCC_SYMBOLS_PRIVATE_EXTERN = NO;
				GCC_VERSION = com.apple.compilers.llvm.clang.1_0;
				GCC_WARN_64_TO_32_BIT_CONVERSION = YES;
				GCC_WARN_ABOUT_RETURN_TYPE = YES;
				GCC_WARN_UNDECLARED_SELECTOR = YES;
				GCC_WARN_UNINITIALIZED_AUTOS = YES;
				GCC_WARN_UNUSED_FUNCTION = YES;
				GCC_WARN_UNUSED_VARIABLE = YES;
				IPHONEOS_DEPLOYMENT_TARGET = 6.1;
				ONLY_ACTIVE_ARCH = YES;
				SDKROOT = iphoneos;
				TARGETED_DEVICE_FAMILY = "1,2";
			};
			name = Debug;
		};
		B77F1CDD17B978D8009739AE /* Release */ = {
			isa = XCBuildConfiguration;
			buildSettings = {
				CLANG_ALLOW_NON_MODULAR_INCLUDES_IN_FRAMEWORK_MODULES = NO;
				CLANG_ENABLE_MODULES = YES;
				CLANG_MODULES_AUTOLINK = NO;
				CLANG_WARN_BOOL_CONVERSION = YES;
				CLANG_WARN_CONSTANT_CONVERSION = YES;
				CLANG_WARN_EMPTY_BODY = YES;
				CLANG_WARN_ENUM_CONVERSION = YES;
				CLANG_WARN_INT_CONVERSION = YES;
				CLANG_WARN__DUPLICATE_METHOD_MATCH = YES;
				"CODE_SIGN_IDENTITY[sdk=iphoneos*]" = "iPhone Developer";
				DEFINES_MODULE = NO;
				GCC_C_LANGUAGE_STANDARD = gnu99;
				GCC_OPTIMIZATION_LEVEL = s;
				GCC_PREPROCESSOR_DEFINITIONS = (
					NDEBUG,
					"NS_BLOCK_ASSERTIONS=1",
				);
				GCC_VERSION = com.apple.compilers.llvm.clang.1_0;
				GCC_WARN_64_TO_32_BIT_CONVERSION = YES;
				GCC_WARN_ABOUT_RETURN_TYPE = YES;
				GCC_WARN_UNDECLARED_SELECTOR = YES;
				GCC_WARN_UNINITIALIZED_AUTOS = YES;
				GCC_WARN_UNUSED_FUNCTION = YES;
				GCC_WARN_UNUSED_VARIABLE = YES;
				IPHONEOS_DEPLOYMENT_TARGET = 6.1;
				SDKROOT = iphoneos;
				TARGETED_DEVICE_FAMILY = "1,2";
			};
			name = Release;
		};
		B77F1CDF17B978D8009739AE /* Debug */ = {
			isa = XCBuildConfiguration;
			buildSettings = {
				ALWAYS_SEARCH_USER_PATHS = NO;
				ASSETCATALOG_COMPILER_APPICON_NAME = AppIcon;
				CLANG_ALLOW_NON_MODULAR_INCLUDES_IN_FRAMEWORK_MODULES = YES;
				CLANG_ENABLE_MODULES = YES;
				CLANG_ENABLE_OBJC_ARC = YES;
				CODE_SIGN_IDENTITY = "iPhone Developer";
				COPY_PHASE_STRIP = NO;
				DEFINES_MODULE = YES;
				ENABLE_BITCODE = NO;
				FRAMEWORK_SEARCH_PATHS = "$(inherited)";
				GCC_DYNAMIC_NO_PIC = NO;
				GCC_PRECOMPILE_PREFIX_HEADER = YES;
				GCC_PREFIX_HEADER = Source/Prefix.pch;
				GCC_PREPROCESSOR_DEFINITIONS = (
					DEBUG,
					"COCOS2D_DEBUG=2",
				);
				HEADER_SEARCH_PATHS = (
					"\"${SDK_DIR}/usr/include/libxml2\"/**",
					"\"Source/libs/cocos2d-iphone/external/kazmath/include\"/**",
					"\"Source/libs/cocos2d-iphone/cocos2d\"/**",
					"Source/libs/cocos2d-iphone/external/Chipmunk/objectivec/include",
					"Source/libs/cocos2d-iphone/external/Chipmunk/include",
					"\"Source/libs/cocos2d-iphone/cocos2d-ui\"/**",
					"\"Source/libs/cocos2d-iphone/external/ObjectAL\"/**",
				);
				INFOPLIST_FILE = Source/Resources/Info.plist;
				IPHONEOS_DEPLOYMENT_TARGET = 6.0;
				LIBRARY_SEARCH_PATHS = "";
				ONLY_ACTIVE_ARCH = YES;
				OTHER_LDFLAGS = (
					"-lz",
					"-ObjC",
				);
				PRODUCT_BUNDLE_IDENTIFIER = felix.killer;
				PRODUCT_NAME = NewProject;
				PROVISIONING_PROFILE = "";
				TARGETED_DEVICE_FAMILY = "1,2";
				WRAPPER_EXTENSION = app;
			};
			name = Debug;
		};
		B77F1CE017B978D8009739AE /* Release */ = {
			isa = XCBuildConfiguration;
			buildSettings = {
				ALWAYS_SEARCH_USER_PATHS = NO;
				ASSETCATALOG_COMPILER_APPICON_NAME = AppIcon;
				CLANG_ALLOW_NON_MODULAR_INCLUDES_IN_FRAMEWORK_MODULES = YES;
				CLANG_ENABLE_MODULES = YES;
				CLANG_ENABLE_OBJC_ARC = YES;
				CODE_SIGN_IDENTITY = "iPhone Developer";
				"CODE_SIGN_IDENTITY[sdk=iphoneos*]" = "iPhone Distribution";
				COPY_PHASE_STRIP = YES;
				DEFINES_MODULE = YES;
				ENABLE_BITCODE = NO;
				FRAMEWORK_SEARCH_PATHS = "$(inherited)";
				GCC_PRECOMPILE_PREFIX_HEADER = YES;
				GCC_PREFIX_HEADER = Source/Prefix.pch;
				"GCC_PREPROCESSOR_DEFINITIONS[arch=*]" = (
					NDEBUG,
					"NS_BLOCK_ASSERTIONS=1",
				);
				HEADER_SEARCH_PATHS = (
					"\"${SDK_DIR}/usr/include/libxml2\"/**",
					"\"Source/libs/cocos2d-iphone/external/kazmath/include\"/**",
					"\"Source/libs/cocos2d-iphone/cocos2d\"/**",
					"Source/libs/cocos2d-iphone/external/Chipmunk/objectivec/include",
					"Source/libs/cocos2d-iphone/external/Chipmunk/include",
					"\"Source/libs/cocos2d-iphone/cocos2d-ui\"/**",
					"\"Source/libs/cocos2d-iphone/external/ObjectAL\"/**",
				);
				INFOPLIST_FILE = Source/Resources/Info.plist;
				IPHONEOS_DEPLOYMENT_TARGET = 6.0;
				LIBRARY_SEARCH_PATHS = "";
				OTHER_LDFLAGS = (
					"-lz",
					"-ObjC",
				);
				PRODUCT_BUNDLE_IDENTIFIER = felix.killer;
				PRODUCT_NAME = NewProject;
				PROVISIONING_PROFILE = "";
				TARGETED_DEVICE_FAMILY = "1,2";
				VALIDATE_PRODUCT = YES;
				WRAPPER_EXTENSION = app;
			};
			name = Release;
		};
/* End XCBuildConfiguration section */

/* Begin XCConfigurationList section */
		5B121022197484A3004C1E1D /* Build configuration list for PBXNativeTarget "NewProject Java" */ = {
			isa = XCConfigurationList;
			buildConfigurations = (
				5B121023197484A3004C1E1D /* Debug */,
				5B121024197484A3004C1E1D /* Release */,
			);
			defaultConfigurationIsVisible = 0;
			defaultConfigurationName = Release;
		};
		927F61BC196C771E000F43EF /* Build configuration list for PBXNativeTarget "NewProjectAndroid" */ = {
			isa = XCConfigurationList;
			buildConfigurations = (
				927F61BD196C771E000F43EF /* Debug */,
				927F61BE196C771E000F43EF /* Release */,
			);
			defaultConfigurationIsVisible = 0;
			defaultConfigurationName = Release;
		};
		B77F1B2917B978D7009739AE /* Build configuration list for PBXProject "RunPigRun" */ = {
			isa = XCConfigurationList;
			buildConfigurations = (
				B77F1CDC17B978D8009739AE /* Debug */,
				B77F1CDD17B978D8009739AE /* Release */,
			);
			defaultConfigurationIsVisible = 0;
			defaultConfigurationName = Release;
		};
		B77F1CDE17B978D8009739AE /* Build configuration list for PBXNativeTarget "NewProject iOS" */ = {
			isa = XCConfigurationList;
			buildConfigurations = (
				B77F1CDF17B978D8009739AE /* Debug */,
				B77F1CE017B978D8009739AE /* Release */,
			);
			defaultConfigurationIsVisible = 0;
			defaultConfigurationName = Release;
		};
/* End XCConfigurationList section */
	};
	rootObject = B77F1B2617B978D7009739AE /* Project object */;
}
